// !$*UTF8*$!
{
	archiveVersion = 1;
	classes = {
	};
	objectVersion = 55;
	objects = {

/* Begin PBXBuildFile section */
		D0A81D7D2829B73B00691994 /* MagicIndexApp.swift in Sources */ = {isa = PBXBuildFile; fileRef = D0A81D7C2829B73B00691994 /* MagicIndexApp.swift */; };
		D0A81D7F2829B73B00691994 /* ContentView.swift in Sources */ = {isa = PBXBuildFile; fileRef = D0A81D7E2829B73B00691994 /* ContentView.swift */; };
		D0A81D812829B73C00691994 /* Assets.xcassets in Resources */ = {isa = PBXBuildFile; fileRef = D0A81D802829B73C00691994 /* Assets.xcassets */; };
		D0A81D842829B73C00691994 /* Preview Assets.xcassets in Resources */ = {isa = PBXBuildFile; fileRef = D0A81D832829B73C00691994 /* Preview Assets.xcassets */; };
		D0A81D8E2829B73C00691994 /* MagicIndexTests.swift in Sources */ = {isa = PBXBuildFile; fileRef = D0A81D8D2829B73C00691994 /* MagicIndexTests.swift */; };
		D0A81DA72829B74A00691994 /* MagicIndex.swift in Sources */ = {isa = PBXBuildFile; fileRef = D0A81DA62829B74A00691994 /* MagicIndex.swift */; };
		D0A81DA92829BC0D00691994 /* PowerSet.swift in Sources */ = {isa = PBXBuildFile; fileRef = D0A81DA82829BC0D00691994 /* PowerSet.swift */; };
		D0A81DAB2829BC2900691994 /* PowerSetTests.swift in Sources */ = {isa = PBXBuildFile; fileRef = D0A81DAA2829BC2900691994 /* PowerSetTests.swift */; };
		D0A81DAE2829CCA100691994 /* RecursiveMultiply.swift in Sources */ = {isa = PBXBuildFile; fileRef = D0A81DAC2829CC9D00691994 /* RecursiveMultiply.swift */; };
		D0A81DB02829CCB300691994 /* TestsRecursiveMultiply.swift in Sources */ = {isa = PBXBuildFile; fileRef = D0A81DAF2829CCB300691994 /* TestsRecursiveMultiply.swift */; };
/* End PBXBuildFile section */

/* Begin PBXContainerItemProxy section */
		D0A81D8A2829B73C00691994 /* PBXContainerItemProxy */ = {
			isa = PBXContainerItemProxy;
			containerPortal = D0A81D712829B73B00691994 /* Project object */;
			proxyType = 1;
			remoteGlobalIDString = D0A81D782829B73B00691994;
			remoteInfo = MagicIndex;
		};
/* End PBXContainerItemProxy section */

/* Begin PBXFileReference section */
		D0A81D792829B73B00691994 /* MagicIndex.app */ = {isa = PBXFileReference; explicitFileType = wrapper.application; includeInIndex = 0; path = MagicIndex.app; sourceTree = BUILT_PRODUCTS_DIR; };
		D0A81D7C2829B73B00691994 /* MagicIndexApp.swift */ = {isa = PBXFileReference; lastKnownFileType = sourcecode.swift; path = MagicIndexApp.swift; sourceTree = "<group>"; };
		D0A81D7E2829B73B00691994 /* ContentView.swift */ = {isa = PBXFileReference; lastKnownFileType = sourcecode.swift; path = ContentView.swift; sourceTree = "<group>"; };
		D0A81D802829B73C00691994 /* Assets.xcassets */ = {isa = PBXFileReference; lastKnownFileType = folder.assetcatalog; path = Assets.xcassets; sourceTree = "<group>"; };
		D0A81D832829B73C00691994 /* Preview Assets.xcassets */ = {isa = PBXFileReference; lastKnownFileType = folder.assetcatalog; path = "Preview Assets.xcassets"; sourceTree = "<group>"; };
		D0A81D892829B73C00691994 /* MagicIndexTests.xctest */ = {isa = PBXFileReference; explicitFileType = wrapper.cfbundle; includeInIndex = 0; path = MagicIndexTests.xctest; sourceTree = BUILT_PRODUCTS_DIR; };
		D0A81D8D2829B73C00691994 /* MagicIndexTests.swift */ = {isa = PBXFileReference; lastKnownFileType = sourcecode.swift; path = MagicIndexTests.swift; sourceTree = "<group>"; };
		D0A81DA62829B74A00691994 /* MagicIndex.swift */ = {isa = PBXFileReference; lastKnownFileType = sourcecode.swift; path = MagicIndex.swift; sourceTree = "<group>"; };
		D0A81DA82829BC0D00691994 /* PowerSet.swift */ = {isa = PBXFileReference; lastKnownFileType = sourcecode.swift; path = PowerSet.swift; sourceTree = "<group>"; };
		D0A81DAA2829BC2900691994 /* PowerSetTests.swift */ = {isa = PBXFileReference; lastKnownFileType = sourcecode.swift; path = PowerSetTests.swift; sourceTree = "<group>"; };
		D0A81DAC2829CC9D00691994 /* RecursiveMultiply.swift */ = {isa = PBXFileReference; lastKnownFileType = sourcecode.swift; path = RecursiveMultiply.swift; sourceTree = "<group>"; };
		D0A81DAF2829CCB300691994 /* TestsRecursiveMultiply.swift */ = {isa = PBXFileReference; lastKnownFileType = sourcecode.swift; path = TestsRecursiveMultiply.swift; sourceTree = "<group>"; };
/* End PBXFileReference section */

/* Begin PBXFrameworksBuildPhase section */
		D0A81D762829B73B00691994 /* Frameworks */ = {
			isa = PBXFrameworksBuildPhase;
			buildActionMask = 2147483647;
			files = (
			);
			runOnlyForDeploymentPostprocessing = 0;
		};
		D0A81D862829B73C00691994 /* Frameworks */ = {
			isa = PBXFrameworksBuildPhase;
			buildActionMask = 2147483647;
			files = (
			);
			runOnlyForDeploymentPostprocessing = 0;
		};
/* End PBXFrameworksBuildPhase section */

/* Begin PBXGroup section */
		D0A81D702829B73B00691994 = {
			isa = PBXGroup;
			children = (
				D0A81D7B2829B73B00691994 /* MagicIndex */,
				D0A81D8C2829B73C00691994 /* MagicIndexTests */,
				D0A81D7A2829B73B00691994 /* Products */,
			);
			sourceTree = "<group>";
		};
		D0A81D7A2829B73B00691994 /* Products */ = {
			isa = PBXGroup;
			children = (
				D0A81D792829B73B00691994 /* MagicIndex.app */,
				D0A81D892829B73C00691994 /* MagicIndexTests.xctest */,
			);
			name = Products;
			sourceTree = "<group>";
		};
		D0A81D7B2829B73B00691994 /* MagicIndex */ = {
			isa = PBXGroup;
			children = (
				D0A81D7C2829B73B00691994 /* MagicIndexApp.swift */,
				D0A81D7E2829B73B00691994 /* ContentView.swift */,
				D0A81DA62829B74A00691994 /* MagicIndex.swift */,
				D0A81DAC2829CC9D00691994 /* RecursiveMultiply.swift */,
				D0A81DA82829BC0D00691994 /* PowerSet.swift */,
				D0A81D802829B73C00691994 /* Assets.xcassets */,
				D0A81D822829B73C00691994 /* Preview Content */,
			);
			path = MagicIndex;
			sourceTree = "<group>";
		};
		D0A81D822829B73C00691994 /* Preview Content */ = {
			isa = PBXGroup;
			children = (
				D0A81D832829B73C00691994 /* Preview Assets.xcassets */,
			);
			path = "Preview Content";
			sourceTree = "<group>";
		};
		D0A81D8C2829B73C00691994 /* MagicIndexTests */ = {
			isa = PBXGroup;
			children = (
				D0A81D8D2829B73C00691994 /* MagicIndexTests.swift */,
				D0A81DAA2829BC2900691994 /* PowerSetTests.swift */,
				D0A81DAF2829CCB300691994 /* TestsRecursiveMultiply.swift */,
			);
			path = MagicIndexTests;
			sourceTree = "<group>";
		};
/* End PBXGroup section */

/* Begin PBXNativeTarget section */
		D0A81D782829B73B00691994 /* MagicIndex */ = {
			isa = PBXNativeTarget;
			buildConfigurationList = D0A81D9D2829B73C00691994 /* Build configuration list for PBXNativeTarget "MagicIndex" */;
			buildPhases = (
				D0A81D752829B73B00691994 /* Sources */,
				D0A81D762829B73B00691994 /* Frameworks */,
				D0A81D772829B73B00691994 /* Resources */,
			);
			buildRules = (
			);
			dependencies = (
			);
			name = MagicIndex;
			productName = MagicIndex;
			productReference = D0A81D792829B73B00691994 /* MagicIndex.app */;
			productType = "com.apple.product-type.application";
		};
		D0A81D882829B73C00691994 /* MagicIndexTests */ = {
			isa = PBXNativeTarget;
			buildConfigurationList = D0A81DA02829B73C00691994 /* Build configuration list for PBXNativeTarget "MagicIndexTests" */;
			buildPhases = (
				D0A81D852829B73C00691994 /* Sources */,
				D0A81D862829B73C00691994 /* Frameworks */,
				D0A81D872829B73C00691994 /* Resources */,
			);
			buildRules = (
			);
			dependencies = (
				D0A81D8B2829B73C00691994 /* PBXTargetDependency */,
			);
			name = MagicIndexTests;
			productName = MagicIndexTests;
			productReference = D0A81D892829B73C00691994 /* MagicIndexTests.xctest */;
			productType = "com.apple.product-type.bundle.unit-test";
		};
/* End PBXNativeTarget section */

/* Begin PBXProject section */
		D0A81D712829B73B00691994 /* Project object */ = {
			isa = PBXProject;
			attributes = {
				BuildIndependentTargetsInParallel = 1;
				LastSwiftUpdateCheck = 1320;
				LastUpgradeCheck = 1320;
				TargetAttributes = {
					D0A81D782829B73B00691994 = {
						CreatedOnToolsVersion = 13.2.1;
					};
					D0A81D882829B73C00691994 = {
						CreatedOnToolsVersion = 13.2.1;
						TestTargetID = D0A81D782829B73B00691994;
					};
				};
			};
			buildConfigurationList = D0A81D742829B73B00691994 /* Build configuration list for PBXProject "MagicIndex" */;
			compatibilityVersion = "Xcode 13.0";
			developmentRegion = en;
			hasScannedForEncodings = 0;
			knownRegions = (
				en,
				Base,
			);
			mainGroup = D0A81D702829B73B00691994;
			productRefGroup = D0A81D7A2829B73B00691994 /* Products */;
			projectDirPath = "";
			projectRoot = "";
			targets = (
				D0A81D782829B73B00691994 /* MagicIndex */,
				D0A81D882829B73C00691994 /* MagicIndexTests */,
			);
		};
/* End PBXProject section */

/* Begin PBXResourcesBuildPhase section */
		D0A81D772829B73B00691994 /* Resources */ = {
			isa = PBXResourcesBuildPhase;
			buildActionMask = 2147483647;
			files = (
				D0A81D842829B73C00691994 /* Preview Assets.xcassets in Resources */,
				D0A81D812829B73C00691994 /* Assets.xcassets in Resources */,
			);
			runOnlyForDeploymentPostprocessing = 0;
		};
		D0A81D872829B73C00691994 /* Resources */ = {
			isa = PBXResourcesBuildPhase;
			buildActionMask = 2147483647;
			files = (
			);
			runOnlyForDeploymentPostprocessing = 0;
		};
/* End PBXResourcesBuildPhase section */

/* Begin PBXSourcesBuildPhase section */
		D0A81D752829B73B00691994 /* Sources */ = {
			isa = PBXSourcesBuildPhase;
			buildActionMask = 2147483647;
			files = (
				D0A81D7F2829B73B00691994 /* ContentView.swift in Sources */,
				D0A81DA72829B74A00691994 /* MagicIndex.swift in Sources */,
				D0A81DA92829BC0D00691994 /* PowerSet.swift in Sources */,
				D0A81DAE2829CCA100691994 /* RecursiveMultiply.swift in Sources */,
				D0A81D7D2829B73B00691994 /* MagicIndexApp.swift in Sources */,
			);
			runOnlyForDeploymentPostprocessing = 0;
		};
		D0A81D852829B73C00691994 /* Sources */ = {
			isa = PBXSourcesBuildPhase;
			buildActionMask = 2147483647;
			files = (
				D0A81DAB2829BC2900691994 /* PowerSetTests.swift in Sources */,
				D0A81D8E2829B73C00691994 /* MagicIndexTests.swift in Sources */,
				D0A81DB02829CCB300691994 /* TestsRecursiveMultiply.swift in Sources */,
			);
			runOnlyForDeploymentPostprocessing = 0;
		};
/* End PBXSourcesBuildPhase section */

/* Begin PBXTargetDependency section */
		D0A81D8B2829B73C00691994 /* PBXTargetDependency */ = {
			isa = PBXTargetDependency;
			target = D0A81D782829B73B00691994 /* MagicIndex */;
			targetProxy = D0A81D8A2829B73C00691994 /* PBXContainerItemProxy */;
		};
/* End PBXTargetDependency section */

/* Begin XCBuildConfiguration section */
		D0A81D9B2829B73C00691994 /* Debug */ = {
			isa = XCBuildConfiguration;
			buildSettings = {
				ALWAYS_SEARCH_USER_PATHS = NO;
				CLANG_ANALYZER_NONNULL = YES;
				CLANG_ANALYZER_NUMBER_OBJECT_CONVERSION = YES_AGGRESSIVE;
				CLANG_CXX_LANGUAGE_STANDARD = "gnu++17";
				CLANG_CXX_LIBRARY = "libc++";
				CLANG_ENABLE_MODULES = YES;
				CLANG_ENABLE_OBJC_ARC = YES;
				CLANG_ENABLE_OBJC_WEAK = YES;
				CLANG_WARN_BLOCK_CAPTURE_AUTORELEASING = YES;
				CLANG_WARN_BOOL_CONVERSION = YES;
				CLANG_WARN_COMMA = YES;
				CLANG_WARN_CONSTANT_CONVERSION = YES;
				CLANG_WARN_DEPRECATED_OBJC_IMPLEMENTATIONS = YES;
				CLANG_WARN_DIRECT_OBJC_ISA_USAGE = YES_ERROR;
				CLANG_WARN_DOCUMENTATION_COMMENTS = YES;
				CLANG_WARN_EMPTY_BODY = YES;
				CLANG_WARN_ENUM_CONVERSION = YES;
				CLANG_WARN_INFINITE_RECURSION = YES;
				CLANG_WARN_INT_CONVERSION = YES;
				CLANG_WARN_NON_LITERAL_NULL_CONVERSION = YES;
				CLANG_WARN_OBJC_IMPLICIT_RETAIN_SELF = YES;
				CLANG_WARN_OBJC_LITERAL_CONVERSION = YES;
				CLANG_WARN_OBJC_ROOT_CLASS = YES_ERROR;
				CLANG_WARN_QUOTED_INCLUDE_IN_FRAMEWORK_HEADER = YES;
				CLANG_WARN_RANGE_LOOP_ANALYSIS = YES;
				CLANG_WARN_STRICT_PROTOTYPES = YES;
				CLANG_WARN_SUSPICIOUS_MOVE = YES;
				CLANG_WARN_UNGUARDED_AVAILABILITY = YES_AGGRESSIVE;
				CLANG_WARN_UNREACHABLE_CODE = YES;
				CLANG_WARN__DUPLICATE_METHOD_MATCH = YES;
				COPY_PHASE_STRIP = NO;
				DEBUG_INFORMATION_FORMAT = dwarf;
				ENABLE_STRICT_OBJC_MSGSEND = YES;
				ENABLE_TESTABILITY = YES;
				GCC_C_LANGUAGE_STANDARD = gnu11;
				GCC_DYNAMIC_NO_PIC = NO;
				GCC_NO_COMMON_BLOCKS = YES;
				GCC_OPTIMIZATION_LEVEL = 0;
				GCC_PREPROCESSOR_DEFINITIONS = (
					"DEBUG=1",
					"$(inherited)",
				);
				GCC_WARN_64_TO_32_BIT_CONVERSION = YES;
				GCC_WARN_ABOUT_RETURN_TYPE = YES_ERROR;
				GCC_WARN_UNDECLARED_SELECTOR = YES;
				GCC_WARN_UNINITIALIZED_AUTOS = YES_AGGRESSIVE;
				GCC_WARN_UNUSED_FUNCTION = YES;
				GCC_WARN_UNUSED_VARIABLE = YES;
				IPHONEOS_DEPLOYMENT_TARGET = 15.2;
				MTL_ENABLE_DEBUG_INFO = INCLUDE_SOURCE;
				MTL_FAST_MATH = YES;
				ONLY_ACTIVE_ARCH = YES;
				SDKROOT = iphoneos;
				SWIFT_ACTIVE_COMPILATION_CONDITIONS = DEBUG;
				SWIFT_OPTIMIZATION_LEVEL = "-Onone";
			};
			name = Debug;
		};
		D0A81D9C2829B73C00691994 /* Release */ = {
			isa = XCBuildConfiguration;
			buildSettings = {
				ALWAYS_SEARCH_USER_PATHS = NO;
				CLANG_ANALYZER_NONNULL = YES;
				CLANG_ANALYZER_NUMBER_OBJECT_CONVERSION = YES_AGGRESSIVE;
				CLANG_CXX_LANGUAGE_STANDARD = "gnu++17";
				CLANG_CXX_LIBRARY = "libc++";
				CLANG_ENABLE_MODULES = YES;
				CLANG_ENABLE_OBJC_ARC = YES;
				CLANG_ENABLE_OBJC_WEAK = YES;
				CLANG_WARN_BLOCK_CAPTURE_AUTORELEASING = YES;
				CLANG_WARN_BOOL_CONVERSION = YES;
				CLANG_WARN_COMMA = YES;
				CLANG_WARN_CONSTANT_CONVERSION = YES;
				CLANG_WARN_DEPRECATED_OBJC_IMPLEMENTATIONS = YES;
				CLANG_WARN_DIRECT_OBJC_ISA_USAGE = YES_ERROR;
				CLANG_WARN_DOCUMENTATION_COMMENTS = YES;
				CLANG_WARN_EMPTY_BODY = YES;
				CLANG_WARN_ENUM_CONVERSION = YES;
				CLANG_WARN_INFINITE_RECURSION = YES;
				CLANG_WARN_INT_CONVERSION = YES;
				CLANG_WARN_NON_LITERAL_NULL_CONVERSION = YES;
				CLANG_WARN_OBJC_IMPLICIT_RETAIN_SELF = YES;
				CLANG_WARN_OBJC_LITERAL_CONVERSION = YES;
				CLANG_WARN_OBJC_ROOT_CLASS = YES_ERROR;
				CLANG_WARN_QUOTED_INCLUDE_IN_FRAMEWORK_HEADER = YES;
				CLANG_WARN_RANGE_LOOP_ANALYSIS = YES;
				CLANG_WARN_STRICT_PROTOTYPES = YES;
				CLANG_WARN_SUSPICIOUS_MOVE = YES;
				CLANG_WARN_UNGUARDED_AVAILABILITY = YES_AGGRESSIVE;
				CLANG_WARN_UNREACHABLE_CODE = YES;
				CLANG_WARN__DUPLICATE_METHOD_MATCH = YES;
				COPY_PHASE_STRIP = NO;
				DEBUG_INFORMATION_FORMAT = "dwarf-with-dsym";
				ENABLE_NS_ASSERTIONS = NO;
				ENABLE_STRICT_OBJC_MSGSEND = YES;
				GCC_C_LANGUAGE_STANDARD = gnu11;
				GCC_NO_COMMON_BLOCKS = YES;
				GCC_WARN_64_TO_32_BIT_CONVERSION = YES;
				GCC_WARN_ABOUT_RETURN_TYPE = YES_ERROR;
				GCC_WARN_UNDECLARED_SELECTOR = YES;
				GCC_WARN_UNINITIALIZED_AUTOS = YES_AGGRESSIVE;
				GCC_WARN_UNUSED_FUNCTION = YES;
				GCC_WARN_UNUSED_VARIABLE = YES;
				IPHONEOS_DEPLOYMENT_TARGET = 15.2;
				MTL_ENABLE_DEBUG_INFO = NO;
				MTL_FAST_MATH = YES;
				SDKROOT = iphoneos;
				SWIFT_COMPILATION_MODE = wholemodule;
				SWIFT_OPTIMIZATION_LEVEL = "-O";
				VALIDATE_PRODUCT = YES;
			};
			name = Release;
		};
		D0A81D9E2829B73C00691994 /* Debug */ = {
			isa = XCBuildConfiguration;
			buildSettings = {
				ASSETCATALOG_COMPILER_APPICON_NAME = AppIcon;
				ASSETCATALOG_COMPILER_GLOBAL_ACCENT_COLOR_NAME = AccentColor;
				CODE_SIGN_STYLE = Automatic;
				CURRENT_PROJECT_VERSION = 1;
				DEVELOPMENT_ASSET_PATHS = "\"MagicIndex/Preview Content\"";
				ENABLE_PREVIEWS = YES;
				GENERATE_INFOPLIST_FILE = YES;
				INFOPLIST_KEY_UIApplicationSceneManifest_Generation = YES;
				INFOPLIST_KEY_UIApplicationSupportsIndirectInputEvents = YES;
				INFOPLIST_KEY_UILaunchScreen_Generation = YES;
				INFOPLIST_KEY_UISupportedInterfaceOrientations_iPad = "UIInterfaceOrientationPortrait UIInterfaceOrientationPortraitUpsideDown UIInterfaceOrientationLandscapeLeft UIInterfaceOrientationLandscapeRight";
				INFOPLIST_KEY_UISupportedInterfaceOrientations_iPhone = "UIInterfaceOrientationPortrait UIInterfaceOrientationLandscapeLeft UIInterfaceOrientationLandscapeRight";
				LD_RUNPATH_SEARCH_PATHS = (
					"$(inherited)",
					"@executable_path/Frameworks",
				);
				MARKETING_VERSION = 1.0;
				PRODUCT_BUNDLE_IDENTIFIER = com.revature.MagicIndex;
				PRODUCT_NAME = "$(TARGET_NAME)";
				SWIFT_EMIT_LOC_STRINGS = YES;
				SWIFT_VERSION = 5.0;
				TARGETED_DEVICE_FAMILY = "1,2";
			};
			name = Debug;
		};
		D0A81D9F2829B73C00691994 /* Release */ = {
			isa = XCBuildConfiguration;
			buildSettings = {
				ASSETCATALOG_COMPILER_APPICON_NAME = AppIcon;
				ASSETCATALOG_COMPILER_GLOBAL_ACCENT_COLOR_NAME = AccentColor;
				CODE_SIGN_STYLE = Automatic;
				CURRENT_PROJECT_VERSION = 1;
				DEVELOPMENT_ASSET_PATHS = "\"MagicIndex/Preview Content\"";
				ENABLE_PREVIEWS = YES;
				GENERATE_INFOPLIST_FILE = YES;
				INFOPLIST_KEY_UIApplicationSceneManifest_Generation = YES;
				INFOPLIST_KEY_UIApplicationSupportsIndirectInputEvents = YES;
				INFOPLIST_KEY_UILaunchScreen_Generation = YES;
				INFOPLIST_KEY_UISupportedInterfaceOrientations_iPad = "UIInterfaceOrientationPortrait UIInterfaceOrientationPortraitUpsideDown UIInterfaceOrientationLandscapeLeft UIInterfaceOrientationLandscapeRight";
				INFOPLIST_KEY_UISupportedInterfaceOrientations_iPhone = "UIInterfaceOrientationPortrait UIInterfaceOrientationLandscapeLeft UIInterfaceOrientationLandscapeRight";
				LD_RUNPATH_SEARCH_PATHS = (
					"$(inherited)",
					"@executable_path/Frameworks",
				);
				MARKETING_VERSION = 1.0;
				PRODUCT_BUNDLE_IDENTIFIER = com.revature.MagicIndex;
				PRODUCT_NAME = "$(TARGET_NAME)";
				SWIFT_EMIT_LOC_STRINGS = YES;
				SWIFT_VERSION = 5.0;
				TARGETED_DEVICE_FAMILY = "1,2";
			};
			name = Release;
		};
		D0A81DA12829B73C00691994 /* Debug */ = {
			isa = XCBuildConfiguration;
			buildSettings = {
				ALWAYS_EMBED_SWIFT_STANDARD_LIBRARIES = YES;
				BUNDLE_LOADER = "$(TEST_HOST)";
				CODE_SIGN_STYLE = Automatic;
				CURRENT_PROJECT_VERSION = 1;
				GENERATE_INFOPLIST_FILE = YES;
				IPHONEOS_DEPLOYMENT_TARGET = 15.2;
				MARKETING_VERSION = 1.0;
				PRODUCT_BUNDLE_IDENTIFIER = com.revature.MagicIndexTests;
				PRODUCT_NAME = "$(TARGET_NAME)";
				SWIFT_EMIT_LOC_STRINGS = NO;
				SWIFT_VERSION = 5.0;
				TARGETED_DEVICE_FAMILY = "1,2";
				TEST_HOST = "$(BUILT_PRODUCTS_DIR)/MagicIndex.app/MagicIndex";
			};
			name = Debug;
		};
		D0A81DA22829B73C00691994 /* Release */ = {
			isa = XCBuildConfiguration;
			buildSettings = {
				ALWAYS_EMBED_SWIFT_STANDARD_LIBRARIES = YES;
				BUNDLE_LOADER = "$(TEST_HOST)";
				CODE_SIGN_STYLE = Automatic;
				CURRENT_PROJECT_VERSION = 1;
				GENERATE_INFOPLIST_FILE = YES;
				IPHONEOS_DEPLOYMENT_TARGET = 15.2;
				MARKETING_VERSION = 1.0;
				PRODUCT_BUNDLE_IDENTIFIER = com.revature.MagicIndexTests;
				PRODUCT_NAME = "$(TARGET_NAME)";
				SWIFT_EMIT_LOC_STRINGS = NO;
				SWIFT_VERSION = 5.0;
				TARGETED_DEVICE_FAMILY = "1,2";
				TEST_HOST = "$(BUILT_PRODUCTS_DIR)/MagicIndex.app/MagicIndex";
			};
			name = Release;
		};
/* End XCBuildConfiguration section */

/* Begin XCConfigurationList section */
		D0A81D742829B73B00691994 /* Build configuration list for PBXProject "MagicIndex" */ = {
			isa = XCConfigurationList;
			buildConfigurations = (
				D0A81D9B2829B73C00691994 /* Debug */,
				D0A81D9C2829B73C00691994 /* Release */,
			);
			defaultConfigurationIsVisible = 0;
			defaultConfigurationName = Release;
		};
		D0A81D9D2829B73C00691994 /* Build configuration list for PBXNativeTarget "MagicIndex" */ = {
			isa = XCConfigurationList;
			buildConfigurations = (
				D0A81D9E2829B73C00691994 /* Debug */,
				D0A81D9F2829B73C00691994 /* Release */,
			);
			defaultConfigurationIsVisible = 0;
			defaultConfigurationName = Release;
		};
		D0A81DA02829B73C00691994 /* Build configuration list for PBXNativeTarget "MagicIndexTests" */ = {
			isa = XCConfigurationList;
			buildConfigurations = (
				D0A81DA12829B73C00691994 /* Debug */,
				D0A81DA22829B73C00691994 /* Release */,
			);
			defaultConfigurationIsVisible = 0;
			defaultConfigurationName = Release;
		};
/* End XCConfigurationList section */
	};
	rootObject = D0A81D712829B73B00691994 /* Project object */;
}
