// !$*UTF8*$!
{
	archiveVersion = 1;
	classes = {
	};
	objectVersion = 55;
	objects = {

/* Begin PBXBuildFile section */
		D0E2B1262847A4E1006B067C /* weeklyChallenge_june1App.swift in Sources */ = {isa = PBXBuildFile; fileRef = D0E2B1252847A4E1006B067C /* weeklyChallenge_june1App.swift */; };
		D0E2B1282847A4E1006B067C /* ContentView.swift in Sources */ = {isa = PBXBuildFile; fileRef = D0E2B1272847A4E1006B067C /* ContentView.swift */; };
		D0E2B12A2847A4E2006B067C /* Assets.xcassets in Resources */ = {isa = PBXBuildFile; fileRef = D0E2B1292847A4E2006B067C /* Assets.xcassets */; };
		D0E2B12D2847A4E2006B067C /* Preview Assets.xcassets in Resources */ = {isa = PBXBuildFile; fileRef = D0E2B12C2847A4E2006B067C /* Preview Assets.xcassets */; };
		D0E2B1372847A4E2006B067C /* weeklyChallenge_june1Tests.swift in Sources */ = {isa = PBXBuildFile; fileRef = D0E2B1362847A4E2006B067C /* weeklyChallenge_june1Tests.swift */; };
		D0E2B1502847A690006B067C /* HexCode.swift in Sources */ = {isa = PBXBuildFile; fileRef = D0E2B14F2847A690006B067C /* HexCode.swift */; };
		D0E2B1522847ABBA006B067C /* NextPrime.swift in Sources */ = {isa = PBXBuildFile; fileRef = D0E2B1512847ABBA006B067C /* NextPrime.swift */; };
		D0E2B1552847B3FB006B067C /* Java.swift in Sources */ = {isa = PBXBuildFile; fileRef = D0E2B1532847B277006B067C /* Java.swift */; };
		D0E2B1582847B7FD006B067C /* Partitiion.swift in Sources */ = {isa = PBXBuildFile; fileRef = D0E2B1562847B74B006B067C /* Partitiion.swift */; };
		D0E2B15B2847B94F006B067C /* oddEven.swift in Sources */ = {isa = PBXBuildFile; fileRef = D0E2B1592847B897006B067C /* oddEven.swift */; };
		D0E2B15E2847BACA006B067C /* Swap.swift in Sources */ = {isa = PBXBuildFile; fileRef = D0E2B15C2847BA1B006B067C /* Swap.swift */; };
/* End PBXBuildFile section */

/* Begin PBXContainerItemProxy section */
		D0E2B1332847A4E2006B067C /* PBXContainerItemProxy */ = {
			isa = PBXContainerItemProxy;
			containerPortal = D0E2B11A2847A4E1006B067C /* Project object */;
			proxyType = 1;
			remoteGlobalIDString = D0E2B1212847A4E1006B067C;
			remoteInfo = weeklyChallenge_june1;
		};
/* End PBXContainerItemProxy section */

/* Begin PBXFileReference section */
		D0E2B1222847A4E1006B067C /* weeklyChallenge_june1.app */ = {isa = PBXFileReference; explicitFileType = wrapper.application; includeInIndex = 0; path = weeklyChallenge_june1.app; sourceTree = BUILT_PRODUCTS_DIR; };
		D0E2B1252847A4E1006B067C /* weeklyChallenge_june1App.swift */ = {isa = PBXFileReference; lastKnownFileType = sourcecode.swift; path = weeklyChallenge_june1App.swift; sourceTree = "<group>"; };
		D0E2B1272847A4E1006B067C /* ContentView.swift */ = {isa = PBXFileReference; lastKnownFileType = sourcecode.swift; path = ContentView.swift; sourceTree = "<group>"; };
		D0E2B1292847A4E2006B067C /* Assets.xcassets */ = {isa = PBXFileReference; lastKnownFileType = folder.assetcatalog; path = Assets.xcassets; sourceTree = "<group>"; };
		D0E2B12C2847A4E2006B067C /* Preview Assets.xcassets */ = {isa = PBXFileReference; lastKnownFileType = folder.assetcatalog; path = "Preview Assets.xcassets"; sourceTree = "<group>"; };
		D0E2B1322847A4E2006B067C /* weeklyChallenge_june1Tests.xctest */ = {isa = PBXFileReference; explicitFileType = wrapper.cfbundle; includeInIndex = 0; path = weeklyChallenge_june1Tests.xctest; sourceTree = BUILT_PRODUCTS_DIR; };
		D0E2B1362847A4E2006B067C /* weeklyChallenge_june1Tests.swift */ = {isa = PBXFileReference; lastKnownFileType = sourcecode.swift; path = weeklyChallenge_june1Tests.swift; sourceTree = "<group>"; };
		D0E2B14F2847A690006B067C /* HexCode.swift */ = {isa = PBXFileReference; lastKnownFileType = sourcecode.swift; path = HexCode.swift; sourceTree = "<group>"; };
		D0E2B1512847ABBA006B067C /* NextPrime.swift */ = {isa = PBXFileReference; lastKnownFileType = sourcecode.swift; path = NextPrime.swift; sourceTree = "<group>"; };
		D0E2B1532847B277006B067C /* Java.swift */ = {isa = PBXFileReference; lastKnownFileType = sourcecode.swift; path = Java.swift; sourceTree = "<group>"; };
		D0E2B1562847B74B006B067C /* Partitiion.swift */ = {isa = PBXFileReference; lastKnownFileType = sourcecode.swift; path = Partitiion.swift; sourceTree = "<group>"; };
		D0E2B1592847B897006B067C /* oddEven.swift */ = {isa = PBXFileReference; lastKnownFileType = sourcecode.swift; path = oddEven.swift; sourceTree = "<group>"; };
		D0E2B15C2847BA1B006B067C /* Swap.swift */ = {isa = PBXFileReference; lastKnownFileType = sourcecode.swift; path = Swap.swift; sourceTree = "<group>"; };
/* End PBXFileReference section */

/* Begin PBXFrameworksBuildPhase section */
		D0E2B11F2847A4E1006B067C /* Frameworks */ = {
			isa = PBXFrameworksBuildPhase;
			buildActionMask = 2147483647;
			files = (
			);
			runOnlyForDeploymentPostprocessing = 0;
		};
		D0E2B12F2847A4E2006B067C /* Frameworks */ = {
			isa = PBXFrameworksBuildPhase;
			buildActionMask = 2147483647;
			files = (
			);
			runOnlyForDeploymentPostprocessing = 0;
		};
/* End PBXFrameworksBuildPhase section */

/* Begin PBXGroup section */
		D0E2B1192847A4E1006B067C = {
			isa = PBXGroup;
			children = (
				D0E2B1242847A4E1006B067C /* weeklyChallenge_june1 */,
				D0E2B1352847A4E2006B067C /* weeklyChallenge_june1Tests */,
				D0E2B1232847A4E1006B067C /* Products */,
			);
			sourceTree = "<group>";
		};
		D0E2B1232847A4E1006B067C /* Products */ = {
			isa = PBXGroup;
			children = (
				D0E2B1222847A4E1006B067C /* weeklyChallenge_june1.app */,
				D0E2B1322847A4E2006B067C /* weeklyChallenge_june1Tests.xctest */,
			);
			name = Products;
			sourceTree = "<group>";
		};
		D0E2B1242847A4E1006B067C /* weeklyChallenge_june1 */ = {
			isa = PBXGroup;
			children = (
				D0E2B14F2847A690006B067C /* HexCode.swift */,
				D0E2B1532847B277006B067C /* Java.swift */,
				D0E2B1512847ABBA006B067C /* NextPrime.swift */,
				D0E2B1252847A4E1006B067C /* weeklyChallenge_june1App.swift */,
				D0E2B1272847A4E1006B067C /* ContentView.swift */,
				D0E2B1592847B897006B067C /* oddEven.swift */,
				D0E2B15C2847BA1B006B067C /* Swap.swift */,
				D0E2B1562847B74B006B067C /* Partitiion.swift */,
				D0E2B1292847A4E2006B067C /* Assets.xcassets */,
				D0E2B12B2847A4E2006B067C /* Preview Content */,
			);
			path = weeklyChallenge_june1;
			sourceTree = "<group>";
		};
		D0E2B12B2847A4E2006B067C /* Preview Content */ = {
			isa = PBXGroup;
			children = (
				D0E2B12C2847A4E2006B067C /* Preview Assets.xcassets */,
			);
			path = "Preview Content";
			sourceTree = "<group>";
		};
		D0E2B1352847A4E2006B067C /* weeklyChallenge_june1Tests */ = {
			isa = PBXGroup;
			children = (
				D0E2B1362847A4E2006B067C /* weeklyChallenge_june1Tests.swift */,
			);
			path = weeklyChallenge_june1Tests;
			sourceTree = "<group>";
		};
/* End PBXGroup section */

/* Begin PBXNativeTarget section */
		D0E2B1212847A4E1006B067C /* weeklyChallenge_june1 */ = {
			isa = PBXNativeTarget;
			buildConfigurationList = D0E2B1462847A4E2006B067C /* Build configuration list for PBXNativeTarget "weeklyChallenge_june1" */;
			buildPhases = (
				D0E2B11E2847A4E1006B067C /* Sources */,
				D0E2B11F2847A4E1006B067C /* Frameworks */,
				D0E2B1202847A4E1006B067C /* Resources */,
			);
			buildRules = (
			);
			dependencies = (
			);
			name = weeklyChallenge_june1;
			productName = weeklyChallenge_june1;
			productReference = D0E2B1222847A4E1006B067C /* weeklyChallenge_june1.app */;
			productType = "com.apple.product-type.application";
		};
		D0E2B1312847A4E2006B067C /* weeklyChallenge_june1Tests */ = {
			isa = PBXNativeTarget;
			buildConfigurationList = D0E2B1492847A4E2006B067C /* Build configuration list for PBXNativeTarget "weeklyChallenge_june1Tests" */;
			buildPhases = (
				D0E2B12E2847A4E2006B067C /* Sources */,
				D0E2B12F2847A4E2006B067C /* Frameworks */,
				D0E2B1302847A4E2006B067C /* Resources */,
			);
			buildRules = (
			);
			dependencies = (
				D0E2B1342847A4E2006B067C /* PBXTargetDependency */,
			);
			name = weeklyChallenge_june1Tests;
			productName = weeklyChallenge_june1Tests;
			productReference = D0E2B1322847A4E2006B067C /* weeklyChallenge_june1Tests.xctest */;
			productType = "com.apple.product-type.bundle.unit-test";
		};
/* End PBXNativeTarget section */

/* Begin PBXProject section */
		D0E2B11A2847A4E1006B067C /* Project object */ = {
			isa = PBXProject;
			attributes = {
				BuildIndependentTargetsInParallel = 1;
				LastSwiftUpdateCheck = 1320;
				LastUpgradeCheck = 1320;
				TargetAttributes = {
					D0E2B1212847A4E1006B067C = {
						CreatedOnToolsVersion = 13.2.1;
					};
					D0E2B1312847A4E2006B067C = {
						CreatedOnToolsVersion = 13.2.1;
						TestTargetID = D0E2B1212847A4E1006B067C;
					};
				};
			};
			buildConfigurationList = D0E2B11D2847A4E1006B067C /* Build configuration list for PBXProject "weeklyChallenge_june1" */;
			compatibilityVersion = "Xcode 13.0";
			developmentRegion = en;
			hasScannedForEncodings = 0;
			knownRegions = (
				en,
				Base,
			);
			mainGroup = D0E2B1192847A4E1006B067C;
			productRefGroup = D0E2B1232847A4E1006B067C /* Products */;
			projectDirPath = "";
			projectRoot = "";
			targets = (
				D0E2B1212847A4E1006B067C /* weeklyChallenge_june1 */,
				D0E2B1312847A4E2006B067C /* weeklyChallenge_june1Tests */,
			);
		};
/* End PBXProject section */

/* Begin PBXResourcesBuildPhase section */
		D0E2B1202847A4E1006B067C /* Resources */ = {
			isa = PBXResourcesBuildPhase;
			buildActionMask = 2147483647;
			files = (
				D0E2B12D2847A4E2006B067C /* Preview Assets.xcassets in Resources */,
				D0E2B12A2847A4E2006B067C /* Assets.xcassets in Resources */,
			);
			runOnlyForDeploymentPostprocessing = 0;
		};
		D0E2B1302847A4E2006B067C /* Resources */ = {
			isa = PBXResourcesBuildPhase;
			buildActionMask = 2147483647;
			files = (
			);
			runOnlyForDeploymentPostprocessing = 0;
		};
/* End PBXResourcesBuildPhase section */

/* Begin PBXSourcesBuildPhase section */
		D0E2B11E2847A4E1006B067C /* Sources */ = {
			isa = PBXSourcesBuildPhase;
			buildActionMask = 2147483647;
			files = (
				D0E2B15E2847BACA006B067C /* Swap.swift in Sources */,
				D0E2B15B2847B94F006B067C /* oddEven.swift in Sources */,
				D0E2B1582847B7FD006B067C /* Partitiion.swift in Sources */,
				D0E2B1552847B3FB006B067C /* Java.swift in Sources */,
				D0E2B1282847A4E1006B067C /* ContentView.swift in Sources */,
				D0E2B1262847A4E1006B067C /* weeklyChallenge_june1App.swift in Sources */,
				D0E2B1522847ABBA006B067C /* NextPrime.swift in Sources */,
				D0E2B1502847A690006B067C /* HexCode.swift in Sources */,
			);
			runOnlyForDeploymentPostprocessing = 0;
		};
		D0E2B12E2847A4E2006B067C /* Sources */ = {
			isa = PBXSourcesBuildPhase;
			buildActionMask = 2147483647;
			files = (
				D0E2B1372847A4E2006B067C /* weeklyChallenge_june1Tests.swift in Sources */,
			);
			runOnlyForDeploymentPostprocessing = 0;
		};
/* End PBXSourcesBuildPhase section */

/* Begin PBXTargetDependency section */
		D0E2B1342847A4E2006B067C /* PBXTargetDependency */ = {
			isa = PBXTargetDependency;
			target = D0E2B1212847A4E1006B067C /* weeklyChallenge_june1 */;
			targetProxy = D0E2B1332847A4E2006B067C /* PBXContainerItemProxy */;
		};
/* End PBXTargetDependency section */

/* Begin XCBuildConfiguration section */
		D0E2B1442847A4E2006B067C /* Debug */ = {
			isa = XCBuildConfiguration;
			buildSettings = {
				ALWAYS_SEARCH_USER_PATHS = NO;
				CLANG_ANALYZER_NONNULL = YES;
				CLANG_ANALYZER_NUMBER_OBJECT_CONVERSION = YES_AGGRESSIVE;
				CLANG_CXX_LANGUAGE_STANDARD = "gnu++17";
				CLANG_CXX_LIBRARY = "libc++";
				CLANG_ENABLE_MODULES = YES;
				CLANG_ENABLE_OBJC_ARC = YES;
				CLANG_ENABLE_OBJC_WEAK = YES;
				CLANG_WARN_BLOCK_CAPTURE_AUTORELEASING = YES;
				CLANG_WARN_BOOL_CONVERSION = YES;
				CLANG_WARN_COMMA = YES;
				CLANG_WARN_CONSTANT_CONVERSION = YES;
				CLANG_WARN_DEPRECATED_OBJC_IMPLEMENTATIONS = YES;
				CLANG_WARN_DIRECT_OBJC_ISA_USAGE = YES_ERROR;
				CLANG_WARN_DOCUMENTATION_COMMENTS = YES;
				CLANG_WARN_EMPTY_BODY = YES;
				CLANG_WARN_ENUM_CONVERSION = YES;
				CLANG_WARN_INFINITE_RECURSION = YES;
				CLANG_WARN_INT_CONVERSION = YES;
				CLANG_WARN_NON_LITERAL_NULL_CONVERSION = YES;
				CLANG_WARN_OBJC_IMPLICIT_RETAIN_SELF = YES;
				CLANG_WARN_OBJC_LITERAL_CONVERSION = YES;
				CLANG_WARN_OBJC_ROOT_CLASS = YES_ERROR;
				CLANG_WARN_QUOTED_INCLUDE_IN_FRAMEWORK_HEADER = YES;
				CLANG_WARN_RANGE_LOOP_ANALYSIS = YES;
				CLANG_WARN_STRICT_PROTOTYPES = YES;
				CLANG_WARN_SUSPICIOUS_MOVE = YES;
				CLANG_WARN_UNGUARDED_AVAILABILITY = YES_AGGRESSIVE;
				CLANG_WARN_UNREACHABLE_CODE = YES;
				CLANG_WARN__DUPLICATE_METHOD_MATCH = YES;
				COPY_PHASE_STRIP = NO;
				DEBUG_INFORMATION_FORMAT = dwarf;
				ENABLE_STRICT_OBJC_MSGSEND = YES;
				ENABLE_TESTABILITY = YES;
				GCC_C_LANGUAGE_STANDARD = gnu11;
				GCC_DYNAMIC_NO_PIC = NO;
				GCC_NO_COMMON_BLOCKS = YES;
				GCC_OPTIMIZATION_LEVEL = 0;
				GCC_PREPROCESSOR_DEFINITIONS = (
					"DEBUG=1",
					"$(inherited)",
				);
				GCC_WARN_64_TO_32_BIT_CONVERSION = YES;
				GCC_WARN_ABOUT_RETURN_TYPE = YES_ERROR;
				GCC_WARN_UNDECLARED_SELECTOR = YES;
				GCC_WARN_UNINITIALIZED_AUTOS = YES_AGGRESSIVE;
				GCC_WARN_UNUSED_FUNCTION = YES;
				GCC_WARN_UNUSED_VARIABLE = YES;
				IPHONEOS_DEPLOYMENT_TARGET = 15.2;
				MTL_ENABLE_DEBUG_INFO = INCLUDE_SOURCE;
				MTL_FAST_MATH = YES;
				ONLY_ACTIVE_ARCH = YES;
				SDKROOT = iphoneos;
				SWIFT_ACTIVE_COMPILATION_CONDITIONS = DEBUG;
				SWIFT_OPTIMIZATION_LEVEL = "-Onone";
			};
			name = Debug;
		};
		D0E2B1452847A4E2006B067C /* Release */ = {
			isa = XCBuildConfiguration;
			buildSettings = {
				ALWAYS_SEARCH_USER_PATHS = NO;
				CLANG_ANALYZER_NONNULL = YES;
				CLANG_ANALYZER_NUMBER_OBJECT_CONVERSION = YES_AGGRESSIVE;
				CLANG_CXX_LANGUAGE_STANDARD = "gnu++17";
				CLANG_CXX_LIBRARY = "libc++";
				CLANG_ENABLE_MODULES = YES;
				CLANG_ENABLE_OBJC_ARC = YES;
				CLANG_ENABLE_OBJC_WEAK = YES;
				CLANG_WARN_BLOCK_CAPTURE_AUTORELEASING = YES;
				CLANG_WARN_BOOL_CONVERSION = YES;
				CLANG_WARN_COMMA = YES;
				CLANG_WARN_CONSTANT_CONVERSION = YES;
				CLANG_WARN_DEPRECATED_OBJC_IMPLEMENTATIONS = YES;
				CLANG_WARN_DIRECT_OBJC_ISA_USAGE = YES_ERROR;
				CLANG_WARN_DOCUMENTATION_COMMENTS = YES;
				CLANG_WARN_EMPTY_BODY = YES;
				CLANG_WARN_ENUM_CONVERSION = YES;
				CLANG_WARN_INFINITE_RECURSION = YES;
				CLANG_WARN_INT_CONVERSION = YES;
				CLANG_WARN_NON_LITERAL_NULL_CONVERSION = YES;
				CLANG_WARN_OBJC_IMPLICIT_RETAIN_SELF = YES;
				CLANG_WARN_OBJC_LITERAL_CONVERSION = YES;
				CLANG_WARN_OBJC_ROOT_CLASS = YES_ERROR;
				CLANG_WARN_QUOTED_INCLUDE_IN_FRAMEWORK_HEADER = YES;
				CLANG_WARN_RANGE_LOOP_ANALYSIS = YES;
				CLANG_WARN_STRICT_PROTOTYPES = YES;
				CLANG_WARN_SUSPICIOUS_MOVE = YES;
				CLANG_WARN_UNGUARDED_AVAILABILITY = YES_AGGRESSIVE;
				CLANG_WARN_UNREACHABLE_CODE = YES;
				CLANG_WARN__DUPLICATE_METHOD_MATCH = YES;
				COPY_PHASE_STRIP = NO;
				DEBUG_INFORMATION_FORMAT = "dwarf-with-dsym";
				ENABLE_NS_ASSERTIONS = NO;
				ENABLE_STRICT_OBJC_MSGSEND = YES;
				GCC_C_LANGUAGE_STANDARD = gnu11;
				GCC_NO_COMMON_BLOCKS = YES;
				GCC_WARN_64_TO_32_BIT_CONVERSION = YES;
				GCC_WARN_ABOUT_RETURN_TYPE = YES_ERROR;
				GCC_WARN_UNDECLARED_SELECTOR = YES;
				GCC_WARN_UNINITIALIZED_AUTOS = YES_AGGRESSIVE;
				GCC_WARN_UNUSED_FUNCTION = YES;
				GCC_WARN_UNUSED_VARIABLE = YES;
				IPHONEOS_DEPLOYMENT_TARGET = 15.2;
				MTL_ENABLE_DEBUG_INFO = NO;
				MTL_FAST_MATH = YES;
				SDKROOT = iphoneos;
				SWIFT_COMPILATION_MODE = wholemodule;
				SWIFT_OPTIMIZATION_LEVEL = "-O";
				VALIDATE_PRODUCT = YES;
			};
			name = Release;
		};
		D0E2B1472847A4E2006B067C /* Debug */ = {
			isa = XCBuildConfiguration;
			buildSettings = {
				ASSETCATALOG_COMPILER_APPICON_NAME = AppIcon;
				ASSETCATALOG_COMPILER_GLOBAL_ACCENT_COLOR_NAME = AccentColor;
				CODE_SIGN_STYLE = Automatic;
				CURRENT_PROJECT_VERSION = 1;
				DEVELOPMENT_ASSET_PATHS = "\"weeklyChallenge_june1/Preview Content\"";
				ENABLE_PREVIEWS = YES;
				GENERATE_INFOPLIST_FILE = YES;
				INFOPLIST_KEY_UIApplicationSceneManifest_Generation = YES;
				INFOPLIST_KEY_UIApplicationSupportsIndirectInputEvents = YES;
				INFOPLIST_KEY_UILaunchScreen_Generation = YES;
				INFOPLIST_KEY_UISupportedInterfaceOrientations_iPad = "UIInterfaceOrientationPortrait UIInterfaceOrientationPortraitUpsideDown UIInterfaceOrientationLandscapeLeft UIInterfaceOrientationLandscapeRight";
				INFOPLIST_KEY_UISupportedInterfaceOrientations_iPhone = "UIInterfaceOrientationPortrait UIInterfaceOrientationLandscapeLeft UIInterfaceOrientationLandscapeRight";
				LD_RUNPATH_SEARCH_PATHS = (
					"$(inherited)",
					"@executable_path/Frameworks",
				);
				MARKETING_VERSION = 1.0;
				PRODUCT_BUNDLE_IDENTIFIER = "com.revature.weeklyChallenge-june1";
				PRODUCT_NAME = "$(TARGET_NAME)";
				SWIFT_EMIT_LOC_STRINGS = YES;
				SWIFT_VERSION = 5.0;
				TARGETED_DEVICE_FAMILY = "1,2";
			};
			name = Debug;
		};
		D0E2B1482847A4E2006B067C /* Release */ = {
			isa = XCBuildConfiguration;
			buildSettings = {
				ASSETCATALOG_COMPILER_APPICON_NAME = AppIcon;
				ASSETCATALOG_COMPILER_GLOBAL_ACCENT_COLOR_NAME = AccentColor;
				CODE_SIGN_STYLE = Automatic;
				CURRENT_PROJECT_VERSION = 1;
				DEVELOPMENT_ASSET_PATHS = "\"weeklyChallenge_june1/Preview Content\"";
				ENABLE_PREVIEWS = YES;
				GENERATE_INFOPLIST_FILE = YES;
				INFOPLIST_KEY_UIApplicationSceneManifest_Generation = YES;
				INFOPLIST_KEY_UIApplicationSupportsIndirectInputEvents = YES;
				INFOPLIST_KEY_UILaunchScreen_Generation = YES;
				INFOPLIST_KEY_UISupportedInterfaceOrientations_iPad = "UIInterfaceOrientationPortrait UIInterfaceOrientationPortraitUpsideDown UIInterfaceOrientationLandscapeLeft UIInterfaceOrientationLandscapeRight";
				INFOPLIST_KEY_UISupportedInterfaceOrientations_iPhone = "UIInterfaceOrientationPortrait UIInterfaceOrientationLandscapeLeft UIInterfaceOrientationLandscapeRight";
				LD_RUNPATH_SEARCH_PATHS = (
					"$(inherited)",
					"@executable_path/Frameworks",
				);
				MARKETING_VERSION = 1.0;
				PRODUCT_BUNDLE_IDENTIFIER = "com.revature.weeklyChallenge-june1";
				PRODUCT_NAME = "$(TARGET_NAME)";
				SWIFT_EMIT_LOC_STRINGS = YES;
				SWIFT_VERSION = 5.0;
				TARGETED_DEVICE_FAMILY = "1,2";
			};
			name = Release;
		};
		D0E2B14A2847A4E2006B067C /* Debug */ = {
			isa = XCBuildConfiguration;
			buildSettings = {
				ALWAYS_EMBED_SWIFT_STANDARD_LIBRARIES = YES;
				BUNDLE_LOADER = "$(TEST_HOST)";
				CODE_SIGN_STYLE = Automatic;
				CURRENT_PROJECT_VERSION = 1;
				GENERATE_INFOPLIST_FILE = YES;
				IPHONEOS_DEPLOYMENT_TARGET = 15.2;
				MARKETING_VERSION = 1.0;
				PRODUCT_BUNDLE_IDENTIFIER = "com.revature.weeklyChallenge-june1Tests";
				PRODUCT_NAME = "$(TARGET_NAME)";
				SWIFT_EMIT_LOC_STRINGS = NO;
				SWIFT_VERSION = 5.0;
				TARGETED_DEVICE_FAMILY = "1,2";
				TEST_HOST = "$(BUILT_PRODUCTS_DIR)/weeklyChallenge_june1.app/weeklyChallenge_june1";
			};
			name = Debug;
		};
		D0E2B14B2847A4E2006B067C /* Release */ = {
			isa = XCBuildConfiguration;
			buildSettings = {
				ALWAYS_EMBED_SWIFT_STANDARD_LIBRARIES = YES;
				BUNDLE_LOADER = "$(TEST_HOST)";
				CODE_SIGN_STYLE = Automatic;
				CURRENT_PROJECT_VERSION = 1;
				GENERATE_INFOPLIST_FILE = YES;
				IPHONEOS_DEPLOYMENT_TARGET = 15.2;
				MARKETING_VERSION = 1.0;
				PRODUCT_BUNDLE_IDENTIFIER = "com.revature.weeklyChallenge-june1Tests";
				PRODUCT_NAME = "$(TARGET_NAME)";
				SWIFT_EMIT_LOC_STRINGS = NO;
				SWIFT_VERSION = 5.0;
				TARGETED_DEVICE_FAMILY = "1,2";
				TEST_HOST = "$(BUILT_PRODUCTS_DIR)/weeklyChallenge_june1.app/weeklyChallenge_june1";
			};
			name = Release;
		};
/* End XCBuildConfiguration section */

/* Begin XCConfigurationList section */
		D0E2B11D2847A4E1006B067C /* Build configuration list for PBXProject "weeklyChallenge_june1" */ = {
			isa = XCConfigurationList;
			buildConfigurations = (
				D0E2B1442847A4E2006B067C /* Debug */,
				D0E2B1452847A4E2006B067C /* Release */,
			);
			defaultConfigurationIsVisible = 0;
			defaultConfigurationName = Release;
		};
		D0E2B1462847A4E2006B067C /* Build configuration list for PBXNativeTarget "weeklyChallenge_june1" */ = {
			isa = XCConfigurationList;
			buildConfigurations = (
				D0E2B1472847A4E2006B067C /* Debug */,
				D0E2B1482847A4E2006B067C /* Release */,
			);
			defaultConfigurationIsVisible = 0;
			defaultConfigurationName = Release;
		};
		D0E2B1492847A4E2006B067C /* Build configuration list for PBXNativeTarget "weeklyChallenge_june1Tests" */ = {
			isa = XCConfigurationList;
			buildConfigurations = (
				D0E2B14A2847A4E2006B067C /* Debug */,
				D0E2B14B2847A4E2006B067C /* Release */,
			);
			defaultConfigurationIsVisible = 0;
			defaultConfigurationName = Release;
		};
/* End XCConfigurationList section */
	};
	rootObject = D0E2B11A2847A4E1006B067C /* Project object */;
}
