// !$*UTF8*$!
{
	archiveVersion = 1;
	classes = {
	};
	objectVersion = 55;
	objects = {

/* Begin PBXBuildFile section */
		D0A81E67282CA65200691994 /* Pro5_TwoSumApp.swift in Sources */ = {isa = PBXBuildFile; fileRef = D0A81E66282CA65200691994 /* Pro5_TwoSumApp.swift */; };
		D0A81E69282CA65200691994 /* ContentView.swift in Sources */ = {isa = PBXBuildFile; fileRef = D0A81E68282CA65200691994 /* ContentView.swift */; };
		D0A81E6B282CA65300691994 /* Assets.xcassets in Resources */ = {isa = PBXBuildFile; fileRef = D0A81E6A282CA65300691994 /* Assets.xcassets */; };
		D0A81E6E282CA65300691994 /* Preview Assets.xcassets in Resources */ = {isa = PBXBuildFile; fileRef = D0A81E6D282CA65300691994 /* Preview Assets.xcassets */; };
		D0A81E78282CA65300691994 /* Pro5_TwoSumTests.swift in Sources */ = {isa = PBXBuildFile; fileRef = D0A81E77282CA65300691994 /* Pro5_TwoSumTests.swift */; };
		D0A81E91282CA66F00691994 /* TwoSum.swift in Sources */ = {isa = PBXBuildFile; fileRef = D0A81E90282CA66F00691994 /* TwoSum.swift */; };
/* End PBXBuildFile section */

/* Begin PBXContainerItemProxy section */
		D0A81E74282CA65300691994 /* PBXContainerItemProxy */ = {
			isa = PBXContainerItemProxy;
			containerPortal = D0A81E5B282CA65200691994 /* Project object */;
			proxyType = 1;
			remoteGlobalIDString = D0A81E62282CA65200691994;
			remoteInfo = Pro5_TwoSum;
		};
/* End PBXContainerItemProxy section */

/* Begin PBXFileReference section */
		D0A81E63282CA65200691994 /* Pro5_TwoSum.app */ = {isa = PBXFileReference; explicitFileType = wrapper.application; includeInIndex = 0; path = Pro5_TwoSum.app; sourceTree = BUILT_PRODUCTS_DIR; };
		D0A81E66282CA65200691994 /* Pro5_TwoSumApp.swift */ = {isa = PBXFileReference; lastKnownFileType = sourcecode.swift; path = Pro5_TwoSumApp.swift; sourceTree = "<group>"; };
		D0A81E68282CA65200691994 /* ContentView.swift */ = {isa = PBXFileReference; lastKnownFileType = sourcecode.swift; path = ContentView.swift; sourceTree = "<group>"; };
		D0A81E6A282CA65300691994 /* Assets.xcassets */ = {isa = PBXFileReference; lastKnownFileType = folder.assetcatalog; path = Assets.xcassets; sourceTree = "<group>"; };
		D0A81E6D282CA65300691994 /* Preview Assets.xcassets */ = {isa = PBXFileReference; lastKnownFileType = folder.assetcatalog; path = "Preview Assets.xcassets"; sourceTree = "<group>"; };
		D0A81E73282CA65300691994 /* Pro5_TwoSumTests.xctest */ = {isa = PBXFileReference; explicitFileType = wrapper.cfbundle; includeInIndex = 0; path = Pro5_TwoSumTests.xctest; sourceTree = BUILT_PRODUCTS_DIR; };
		D0A81E77282CA65300691994 /* Pro5_TwoSumTests.swift */ = {isa = PBXFileReference; lastKnownFileType = sourcecode.swift; path = Pro5_TwoSumTests.swift; sourceTree = "<group>"; };
		D0A81E90282CA66F00691994 /* TwoSum.swift */ = {isa = PBXFileReference; lastKnownFileType = sourcecode.swift; path = TwoSum.swift; sourceTree = "<group>"; };
/* End PBXFileReference section */

/* Begin PBXFrameworksBuildPhase section */
		D0A81E60282CA65200691994 /* Frameworks */ = {
			isa = PBXFrameworksBuildPhase;
			buildActionMask = 2147483647;
			files = (
			);
			runOnlyForDeploymentPostprocessing = 0;
		};
		D0A81E70282CA65300691994 /* Frameworks */ = {
			isa = PBXFrameworksBuildPhase;
			buildActionMask = 2147483647;
			files = (
			);
			runOnlyForDeploymentPostprocessing = 0;
		};
/* End PBXFrameworksBuildPhase section */

/* Begin PBXGroup section */
		D0A81E5A282CA65200691994 = {
			isa = PBXGroup;
			children = (
				D0A81E90282CA66F00691994 /* TwoSum.swift */,
				D0A81E65282CA65200691994 /* Pro5_TwoSum */,
				D0A81E76282CA65300691994 /* Pro5_TwoSumTests */,
				D0A81E64282CA65200691994 /* Products */,
			);
			sourceTree = "<group>";
		};
		D0A81E64282CA65200691994 /* Products */ = {
			isa = PBXGroup;
			children = (
				D0A81E63282CA65200691994 /* Pro5_TwoSum.app */,
				D0A81E73282CA65300691994 /* Pro5_TwoSumTests.xctest */,
			);
			name = Products;
			sourceTree = "<group>";
		};
		D0A81E65282CA65200691994 /* Pro5_TwoSum */ = {
			isa = PBXGroup;
			children = (
				D0A81E66282CA65200691994 /* Pro5_TwoSumApp.swift */,
				D0A81E68282CA65200691994 /* ContentView.swift */,
				D0A81E6A282CA65300691994 /* Assets.xcassets */,
				D0A81E6C282CA65300691994 /* Preview Content */,
			);
			path = Pro5_TwoSum;
			sourceTree = "<group>";
		};
		D0A81E6C282CA65300691994 /* Preview Content */ = {
			isa = PBXGroup;
			children = (
				D0A81E6D282CA65300691994 /* Preview Assets.xcassets */,
			);
			path = "Preview Content";
			sourceTree = "<group>";
		};
		D0A81E76282CA65300691994 /* Pro5_TwoSumTests */ = {
			isa = PBXGroup;
			children = (
				D0A81E77282CA65300691994 /* Pro5_TwoSumTests.swift */,
			);
			path = Pro5_TwoSumTests;
			sourceTree = "<group>";
		};
/* End PBXGroup section */

/* Begin PBXNativeTarget section */
		D0A81E62282CA65200691994 /* Pro5_TwoSum */ = {
			isa = PBXNativeTarget;
			buildConfigurationList = D0A81E87282CA65300691994 /* Build configuration list for PBXNativeTarget "Pro5_TwoSum" */;
			buildPhases = (
				D0A81E5F282CA65200691994 /* Sources */,
				D0A81E60282CA65200691994 /* Frameworks */,
				D0A81E61282CA65200691994 /* Resources */,
			);
			buildRules = (
			);
			dependencies = (
			);
			name = Pro5_TwoSum;
			productName = Pro5_TwoSum;
			productReference = D0A81E63282CA65200691994 /* Pro5_TwoSum.app */;
			productType = "com.apple.product-type.application";
		};
		D0A81E72282CA65300691994 /* Pro5_TwoSumTests */ = {
			isa = PBXNativeTarget;
			buildConfigurationList = D0A81E8A282CA65300691994 /* Build configuration list for PBXNativeTarget "Pro5_TwoSumTests" */;
			buildPhases = (
				D0A81E6F282CA65300691994 /* Sources */,
				D0A81E70282CA65300691994 /* Frameworks */,
				D0A81E71282CA65300691994 /* Resources */,
			);
			buildRules = (
			);
			dependencies = (
				D0A81E75282CA65300691994 /* PBXTargetDependency */,
			);
			name = Pro5_TwoSumTests;
			productName = Pro5_TwoSumTests;
			productReference = D0A81E73282CA65300691994 /* Pro5_TwoSumTests.xctest */;
			productType = "com.apple.product-type.bundle.unit-test";
		};
/* End PBXNativeTarget section */

/* Begin PBXProject section */
		D0A81E5B282CA65200691994 /* Project object */ = {
			isa = PBXProject;
			attributes = {
				BuildIndependentTargetsInParallel = 1;
				LastSwiftUpdateCheck = 1320;
				LastUpgradeCheck = 1320;
				TargetAttributes = {
					D0A81E62282CA65200691994 = {
						CreatedOnToolsVersion = 13.2.1;
					};
					D0A81E72282CA65300691994 = {
						CreatedOnToolsVersion = 13.2.1;
						TestTargetID = D0A81E62282CA65200691994;
					};
				};
			};
			buildConfigurationList = D0A81E5E282CA65200691994 /* Build configuration list for PBXProject "Pro5_TwoSum" */;
			compatibilityVersion = "Xcode 13.0";
			developmentRegion = en;
			hasScannedForEncodings = 0;
			knownRegions = (
				en,
				Base,
			);
			mainGroup = D0A81E5A282CA65200691994;
			productRefGroup = D0A81E64282CA65200691994 /* Products */;
			projectDirPath = "";
			projectRoot = "";
			targets = (
				D0A81E62282CA65200691994 /* Pro5_TwoSum */,
				D0A81E72282CA65300691994 /* Pro5_TwoSumTests */,
			);
		};
/* End PBXProject section */

/* Begin PBXResourcesBuildPhase section */
		D0A81E61282CA65200691994 /* Resources */ = {
			isa = PBXResourcesBuildPhase;
			buildActionMask = 2147483647;
			files = (
				D0A81E6E282CA65300691994 /* Preview Assets.xcassets in Resources */,
				D0A81E6B282CA65300691994 /* Assets.xcassets in Resources */,
			);
			runOnlyForDeploymentPostprocessing = 0;
		};
		D0A81E71282CA65300691994 /* Resources */ = {
			isa = PBXResourcesBuildPhase;
			buildActionMask = 2147483647;
			files = (
			);
			runOnlyForDeploymentPostprocessing = 0;
		};
/* End PBXResourcesBuildPhase section */

/* Begin PBXSourcesBuildPhase section */
		D0A81E5F282CA65200691994 /* Sources */ = {
			isa = PBXSourcesBuildPhase;
			buildActionMask = 2147483647;
			files = (
				D0A81E69282CA65200691994 /* ContentView.swift in Sources */,
				D0A81E67282CA65200691994 /* Pro5_TwoSumApp.swift in Sources */,
				D0A81E91282CA66F00691994 /* TwoSum.swift in Sources */,
			);
			runOnlyForDeploymentPostprocessing = 0;
		};
		D0A81E6F282CA65300691994 /* Sources */ = {
			isa = PBXSourcesBuildPhase;
			buildActionMask = 2147483647;
			files = (
				D0A81E78282CA65300691994 /* Pro5_TwoSumTests.swift in Sources */,
			);
			runOnlyForDeploymentPostprocessing = 0;
		};
/* End PBXSourcesBuildPhase section */

/* Begin PBXTargetDependency section */
		D0A81E75282CA65300691994 /* PBXTargetDependency */ = {
			isa = PBXTargetDependency;
			target = D0A81E62282CA65200691994 /* Pro5_TwoSum */;
			targetProxy = D0A81E74282CA65300691994 /* PBXContainerItemProxy */;
		};
/* End PBXTargetDependency section */

/* Begin XCBuildConfiguration section */
		D0A81E85282CA65300691994 /* Debug */ = {
			isa = XCBuildConfiguration;
			buildSettings = {
				ALWAYS_SEARCH_USER_PATHS = NO;
				CLANG_ANALYZER_NONNULL = YES;
				CLANG_ANALYZER_NUMBER_OBJECT_CONVERSION = YES_AGGRESSIVE;
				CLANG_CXX_LANGUAGE_STANDARD = "gnu++17";
				CLANG_CXX_LIBRARY = "libc++";
				CLANG_ENABLE_MODULES = YES;
				CLANG_ENABLE_OBJC_ARC = YES;
				CLANG_ENABLE_OBJC_WEAK = YES;
				CLANG_WARN_BLOCK_CAPTURE_AUTORELEASING = YES;
				CLANG_WARN_BOOL_CONVERSION = YES;
				CLANG_WARN_COMMA = YES;
				CLANG_WARN_CONSTANT_CONVERSION = YES;
				CLANG_WARN_DEPRECATED_OBJC_IMPLEMENTATIONS = YES;
				CLANG_WARN_DIRECT_OBJC_ISA_USAGE = YES_ERROR;
				CLANG_WARN_DOCUMENTATION_COMMENTS = YES;
				CLANG_WARN_EMPTY_BODY = YES;
				CLANG_WARN_ENUM_CONVERSION = YES;
				CLANG_WARN_INFINITE_RECURSION = YES;
				CLANG_WARN_INT_CONVERSION = YES;
				CLANG_WARN_NON_LITERAL_NULL_CONVERSION = YES;
				CLANG_WARN_OBJC_IMPLICIT_RETAIN_SELF = YES;
				CLANG_WARN_OBJC_LITERAL_CONVERSION = YES;
				CLANG_WARN_OBJC_ROOT_CLASS = YES_ERROR;
				CLANG_WARN_QUOTED_INCLUDE_IN_FRAMEWORK_HEADER = YES;
				CLANG_WARN_RANGE_LOOP_ANALYSIS = YES;
				CLANG_WARN_STRICT_PROTOTYPES = YES;
				CLANG_WARN_SUSPICIOUS_MOVE = YES;
				CLANG_WARN_UNGUARDED_AVAILABILITY = YES_AGGRESSIVE;
				CLANG_WARN_UNREACHABLE_CODE = YES;
				CLANG_WARN__DUPLICATE_METHOD_MATCH = YES;
				COPY_PHASE_STRIP = NO;
				DEBUG_INFORMATION_FORMAT = dwarf;
				ENABLE_STRICT_OBJC_MSGSEND = YES;
				ENABLE_TESTABILITY = YES;
				GCC_C_LANGUAGE_STANDARD = gnu11;
				GCC_DYNAMIC_NO_PIC = NO;
				GCC_NO_COMMON_BLOCKS = YES;
				GCC_OPTIMIZATION_LEVEL = 0;
				GCC_PREPROCESSOR_DEFINITIONS = (
					"DEBUG=1",
					"$(inherited)",
				);
				GCC_WARN_64_TO_32_BIT_CONVERSION = YES;
				GCC_WARN_ABOUT_RETURN_TYPE = YES_ERROR;
				GCC_WARN_UNDECLARED_SELECTOR = YES;
				GCC_WARN_UNINITIALIZED_AUTOS = YES_AGGRESSIVE;
				GCC_WARN_UNUSED_FUNCTION = YES;
				GCC_WARN_UNUSED_VARIABLE = YES;
				IPHONEOS_DEPLOYMENT_TARGET = 15.2;
				MTL_ENABLE_DEBUG_INFO = INCLUDE_SOURCE;
				MTL_FAST_MATH = YES;
				ONLY_ACTIVE_ARCH = YES;
				SDKROOT = iphoneos;
				SWIFT_ACTIVE_COMPILATION_CONDITIONS = DEBUG;
				SWIFT_OPTIMIZATION_LEVEL = "-Onone";
			};
			name = Debug;
		};
		D0A81E86282CA65300691994 /* Release */ = {
			isa = XCBuildConfiguration;
			buildSettings = {
				ALWAYS_SEARCH_USER_PATHS = NO;
				CLANG_ANALYZER_NONNULL = YES;
				CLANG_ANALYZER_NUMBER_OBJECT_CONVERSION = YES_AGGRESSIVE;
				CLANG_CXX_LANGUAGE_STANDARD = "gnu++17";
				CLANG_CXX_LIBRARY = "libc++";
				CLANG_ENABLE_MODULES = YES;
				CLANG_ENABLE_OBJC_ARC = YES;
				CLANG_ENABLE_OBJC_WEAK = YES;
				CLANG_WARN_BLOCK_CAPTURE_AUTORELEASING = YES;
				CLANG_WARN_BOOL_CONVERSION = YES;
				CLANG_WARN_COMMA = YES;
				CLANG_WARN_CONSTANT_CONVERSION = YES;
				CLANG_WARN_DEPRECATED_OBJC_IMPLEMENTATIONS = YES;
				CLANG_WARN_DIRECT_OBJC_ISA_USAGE = YES_ERROR;
				CLANG_WARN_DOCUMENTATION_COMMENTS = YES;
				CLANG_WARN_EMPTY_BODY = YES;
				CLANG_WARN_ENUM_CONVERSION = YES;
				CLANG_WARN_INFINITE_RECURSION = YES;
				CLANG_WARN_INT_CONVERSION = YES;
				CLANG_WARN_NON_LITERAL_NULL_CONVERSION = YES;
				CLANG_WARN_OBJC_IMPLICIT_RETAIN_SELF = YES;
				CLANG_WARN_OBJC_LITERAL_CONVERSION = YES;
				CLANG_WARN_OBJC_ROOT_CLASS = YES_ERROR;
				CLANG_WARN_QUOTED_INCLUDE_IN_FRAMEWORK_HEADER = YES;
				CLANG_WARN_RANGE_LOOP_ANALYSIS = YES;
				CLANG_WARN_STRICT_PROTOTYPES = YES;
				CLANG_WARN_SUSPICIOUS_MOVE = YES;
				CLANG_WARN_UNGUARDED_AVAILABILITY = YES_AGGRESSIVE;
				CLANG_WARN_UNREACHABLE_CODE = YES;
				CLANG_WARN__DUPLICATE_METHOD_MATCH = YES;
				COPY_PHASE_STRIP = NO;
				DEBUG_INFORMATION_FORMAT = "dwarf-with-dsym";
				ENABLE_NS_ASSERTIONS = NO;
				ENABLE_STRICT_OBJC_MSGSEND = YES;
				GCC_C_LANGUAGE_STANDARD = gnu11;
				GCC_NO_COMMON_BLOCKS = YES;
				GCC_WARN_64_TO_32_BIT_CONVERSION = YES;
				GCC_WARN_ABOUT_RETURN_TYPE = YES_ERROR;
				GCC_WARN_UNDECLARED_SELECTOR = YES;
				GCC_WARN_UNINITIALIZED_AUTOS = YES_AGGRESSIVE;
				GCC_WARN_UNUSED_FUNCTION = YES;
				GCC_WARN_UNUSED_VARIABLE = YES;
				IPHONEOS_DEPLOYMENT_TARGET = 15.2;
				MTL_ENABLE_DEBUG_INFO = NO;
				MTL_FAST_MATH = YES;
				SDKROOT = iphoneos;
				SWIFT_COMPILATION_MODE = wholemodule;
				SWIFT_OPTIMIZATION_LEVEL = "-O";
				VALIDATE_PRODUCT = YES;
			};
			name = Release;
		};
		D0A81E88282CA65300691994 /* Debug */ = {
			isa = XCBuildConfiguration;
			buildSettings = {
				ASSETCATALOG_COMPILER_APPICON_NAME = AppIcon;
				ASSETCATALOG_COMPILER_GLOBAL_ACCENT_COLOR_NAME = AccentColor;
				CODE_SIGN_STYLE = Automatic;
				CURRENT_PROJECT_VERSION = 1;
				DEVELOPMENT_ASSET_PATHS = "\"Pro5_TwoSum/Preview Content\"";
				ENABLE_PREVIEWS = YES;
				GENERATE_INFOPLIST_FILE = YES;
				INFOPLIST_KEY_UIApplicationSceneManifest_Generation = YES;
				INFOPLIST_KEY_UIApplicationSupportsIndirectInputEvents = YES;
				INFOPLIST_KEY_UILaunchScreen_Generation = YES;
				INFOPLIST_KEY_UISupportedInterfaceOrientations_iPad = "UIInterfaceOrientationPortrait UIInterfaceOrientationPortraitUpsideDown UIInterfaceOrientationLandscapeLeft UIInterfaceOrientationLandscapeRight";
				INFOPLIST_KEY_UISupportedInterfaceOrientations_iPhone = "UIInterfaceOrientationPortrait UIInterfaceOrientationLandscapeLeft UIInterfaceOrientationLandscapeRight";
				LD_RUNPATH_SEARCH_PATHS = (
					"$(inherited)",
					"@executable_path/Frameworks",
				);
				MARKETING_VERSION = 1.0;
				PRODUCT_BUNDLE_IDENTIFIER = "com.revature.Pro5-TwoSum";
				PRODUCT_NAME = "$(TARGET_NAME)";
				SWIFT_EMIT_LOC_STRINGS = YES;
				SWIFT_VERSION = 5.0;
				TARGETED_DEVICE_FAMILY = "1,2";
			};
			name = Debug;
		};
		D0A81E89282CA65300691994 /* Release */ = {
			isa = XCBuildConfiguration;
			buildSettings = {
				ASSETCATALOG_COMPILER_APPICON_NAME = AppIcon;
				ASSETCATALOG_COMPILER_GLOBAL_ACCENT_COLOR_NAME = AccentColor;
				CODE_SIGN_STYLE = Automatic;
				CURRENT_PROJECT_VERSION = 1;
				DEVELOPMENT_ASSET_PATHS = "\"Pro5_TwoSum/Preview Content\"";
				ENABLE_PREVIEWS = YES;
				GENERATE_INFOPLIST_FILE = YES;
				INFOPLIST_KEY_UIApplicationSceneManifest_Generation = YES;
				INFOPLIST_KEY_UIApplicationSupportsIndirectInputEvents = YES;
				INFOPLIST_KEY_UILaunchScreen_Generation = YES;
				INFOPLIST_KEY_UISupportedInterfaceOrientations_iPad = "UIInterfaceOrientationPortrait UIInterfaceOrientationPortraitUpsideDown UIInterfaceOrientationLandscapeLeft UIInterfaceOrientationLandscapeRight";
				INFOPLIST_KEY_UISupportedInterfaceOrientations_iPhone = "UIInterfaceOrientationPortrait UIInterfaceOrientationLandscapeLeft UIInterfaceOrientationLandscapeRight";
				LD_RUNPATH_SEARCH_PATHS = (
					"$(inherited)",
					"@executable_path/Frameworks",
				);
				MARKETING_VERSION = 1.0;
				PRODUCT_BUNDLE_IDENTIFIER = "com.revature.Pro5-TwoSum";
				PRODUCT_NAME = "$(TARGET_NAME)";
				SWIFT_EMIT_LOC_STRINGS = YES;
				SWIFT_VERSION = 5.0;
				TARGETED_DEVICE_FAMILY = "1,2";
			};
			name = Release;
		};
		D0A81E8B282CA65300691994 /* Debug */ = {
			isa = XCBuildConfiguration;
			buildSettings = {
				ALWAYS_EMBED_SWIFT_STANDARD_LIBRARIES = YES;
				BUNDLE_LOADER = "$(TEST_HOST)";
				CODE_SIGN_STYLE = Automatic;
				CURRENT_PROJECT_VERSION = 1;
				GENERATE_INFOPLIST_FILE = YES;
				IPHONEOS_DEPLOYMENT_TARGET = 15.2;
				MARKETING_VERSION = 1.0;
				PRODUCT_BUNDLE_IDENTIFIER = "com.revature.Pro5-TwoSumTests";
				PRODUCT_NAME = "$(TARGET_NAME)";
				SWIFT_EMIT_LOC_STRINGS = NO;
				SWIFT_VERSION = 5.0;
				TARGETED_DEVICE_FAMILY = "1,2";
				TEST_HOST = "$(BUILT_PRODUCTS_DIR)/Pro5_TwoSum.app/Pro5_TwoSum";
			};
			name = Debug;
		};
		D0A81E8C282CA65300691994 /* Release */ = {
			isa = XCBuildConfiguration;
			buildSettings = {
				ALWAYS_EMBED_SWIFT_STANDARD_LIBRARIES = YES;
				BUNDLE_LOADER = "$(TEST_HOST)";
				CODE_SIGN_STYLE = Automatic;
				CURRENT_PROJECT_VERSION = 1;
				GENERATE_INFOPLIST_FILE = YES;
				IPHONEOS_DEPLOYMENT_TARGET = 15.2;
				MARKETING_VERSION = 1.0;
				PRODUCT_BUNDLE_IDENTIFIER = "com.revature.Pro5-TwoSumTests";
				PRODUCT_NAME = "$(TARGET_NAME)";
				SWIFT_EMIT_LOC_STRINGS = NO;
				SWIFT_VERSION = 5.0;
				TARGETED_DEVICE_FAMILY = "1,2";
				TEST_HOST = "$(BUILT_PRODUCTS_DIR)/Pro5_TwoSum.app/Pro5_TwoSum";
			};
			name = Release;
		};
/* End XCBuildConfiguration section */

/* Begin XCConfigurationList section */
		D0A81E5E282CA65200691994 /* Build configuration list for PBXProject "Pro5_TwoSum" */ = {
			isa = XCConfigurationList;
			buildConfigurations = (
				D0A81E85282CA65300691994 /* Debug */,
				D0A81E86282CA65300691994 /* Release */,
			);
			defaultConfigurationIsVisible = 0;
			defaultConfigurationName = Release;
		};
		D0A81E87282CA65300691994 /* Build configuration list for PBXNativeTarget "Pro5_TwoSum" */ = {
			isa = XCConfigurationList;
			buildConfigurations = (
				D0A81E88282CA65300691994 /* Debug */,
				D0A81E89282CA65300691994 /* Release */,
			);
			defaultConfigurationIsVisible = 0;
			defaultConfigurationName = Release;
		};
		D0A81E8A282CA65300691994 /* Build configuration list for PBXNativeTarget "Pro5_TwoSumTests" */ = {
			isa = XCConfigurationList;
			buildConfigurations = (
				D0A81E8B282CA65300691994 /* Debug */,
				D0A81E8C282CA65300691994 /* Release */,
			);
			defaultConfigurationIsVisible = 0;
			defaultConfigurationName = Release;
		};
/* End XCConfigurationList section */
	};
	rootObject = D0A81E5B282CA65200691994 /* Project object */;
}
