// !$*UTF8*$!
{
	archiveVersion = 1;
	classes = {
	};
	objectVersion = 55;
	objects = {

/* Begin PBXBuildFile section */
		D0E2AF22282EE03B006B067C /* Pro13_CourseScheduleApp.swift in Sources */ = {isa = PBXBuildFile; fileRef = D0E2AF21282EE03B006B067C /* Pro13_CourseScheduleApp.swift */; };
		D0E2AF24282EE03B006B067C /* ContentView.swift in Sources */ = {isa = PBXBuildFile; fileRef = D0E2AF23282EE03B006B067C /* ContentView.swift */; };
		D0E2AF26282EE03B006B067C /* Assets.xcassets in Resources */ = {isa = PBXBuildFile; fileRef = D0E2AF25282EE03B006B067C /* Assets.xcassets */; };
		D0E2AF29282EE03B006B067C /* Preview Assets.xcassets in Resources */ = {isa = PBXBuildFile; fileRef = D0E2AF28282EE03B006B067C /* Preview Assets.xcassets */; };
		D0E2AF33282EE03B006B067C /* Pro13_CourseScheduleTests.swift in Sources */ = {isa = PBXBuildFile; fileRef = D0E2AF32282EE03B006B067C /* Pro13_CourseScheduleTests.swift */; };
		D0E2AF4C282EE07B006B067C /* Course.swift in Sources */ = {isa = PBXBuildFile; fileRef = D0E2AF4B282EE07B006B067C /* Course.swift */; };
/* End PBXBuildFile section */

/* Begin PBXContainerItemProxy section */
		D0E2AF2F282EE03B006B067C /* PBXContainerItemProxy */ = {
			isa = PBXContainerItemProxy;
			containerPortal = D0E2AF16282EE03B006B067C /* Project object */;
			proxyType = 1;
			remoteGlobalIDString = D0E2AF1D282EE03B006B067C;
			remoteInfo = Pro13_CourseSchedule;
		};
/* End PBXContainerItemProxy section */

/* Begin PBXFileReference section */
		D0E2AF1E282EE03B006B067C /* Pro13_CourseSchedule.app */ = {isa = PBXFileReference; explicitFileType = wrapper.application; includeInIndex = 0; path = Pro13_CourseSchedule.app; sourceTree = BUILT_PRODUCTS_DIR; };
		D0E2AF21282EE03B006B067C /* Pro13_CourseScheduleApp.swift */ = {isa = PBXFileReference; lastKnownFileType = sourcecode.swift; path = Pro13_CourseScheduleApp.swift; sourceTree = "<group>"; };
		D0E2AF23282EE03B006B067C /* ContentView.swift */ = {isa = PBXFileReference; lastKnownFileType = sourcecode.swift; path = ContentView.swift; sourceTree = "<group>"; };
		D0E2AF25282EE03B006B067C /* Assets.xcassets */ = {isa = PBXFileReference; lastKnownFileType = folder.assetcatalog; path = Assets.xcassets; sourceTree = "<group>"; };
		D0E2AF28282EE03B006B067C /* Preview Assets.xcassets */ = {isa = PBXFileReference; lastKnownFileType = folder.assetcatalog; path = "Preview Assets.xcassets"; sourceTree = "<group>"; };
		D0E2AF2E282EE03B006B067C /* Pro13_CourseScheduleTests.xctest */ = {isa = PBXFileReference; explicitFileType = wrapper.cfbundle; includeInIndex = 0; path = Pro13_CourseScheduleTests.xctest; sourceTree = BUILT_PRODUCTS_DIR; };
		D0E2AF32282EE03B006B067C /* Pro13_CourseScheduleTests.swift */ = {isa = PBXFileReference; lastKnownFileType = sourcecode.swift; path = Pro13_CourseScheduleTests.swift; sourceTree = "<group>"; };
		D0E2AF4B282EE07B006B067C /* Course.swift */ = {isa = PBXFileReference; lastKnownFileType = sourcecode.swift; path = Course.swift; sourceTree = "<group>"; };
/* End PBXFileReference section */

/* Begin PBXFrameworksBuildPhase section */
		D0E2AF1B282EE03B006B067C /* Frameworks */ = {
			isa = PBXFrameworksBuildPhase;
			buildActionMask = 2147483647;
			files = (
			);
			runOnlyForDeploymentPostprocessing = 0;
		};
		D0E2AF2B282EE03B006B067C /* Frameworks */ = {
			isa = PBXFrameworksBuildPhase;
			buildActionMask = 2147483647;
			files = (
			);
			runOnlyForDeploymentPostprocessing = 0;
		};
/* End PBXFrameworksBuildPhase section */

/* Begin PBXGroup section */
		D0E2AF15282EE03B006B067C = {
			isa = PBXGroup;
			children = (
				D0E2AF20282EE03B006B067C /* Pro13_CourseSchedule */,
				D0E2AF31282EE03B006B067C /* Pro13_CourseScheduleTests */,
				D0E2AF1F282EE03B006B067C /* Products */,
			);
			sourceTree = "<group>";
		};
		D0E2AF1F282EE03B006B067C /* Products */ = {
			isa = PBXGroup;
			children = (
				D0E2AF1E282EE03B006B067C /* Pro13_CourseSchedule.app */,
				D0E2AF2E282EE03B006B067C /* Pro13_CourseScheduleTests.xctest */,
			);
			name = Products;
			sourceTree = "<group>";
		};
		D0E2AF20282EE03B006B067C /* Pro13_CourseSchedule */ = {
			isa = PBXGroup;
			children = (
				D0E2AF21282EE03B006B067C /* Pro13_CourseScheduleApp.swift */,
				D0E2AF23282EE03B006B067C /* ContentView.swift */,
				D0E2AF25282EE03B006B067C /* Assets.xcassets */,
				D0E2AF27282EE03B006B067C /* Preview Content */,
			);
			path = Pro13_CourseSchedule;
			sourceTree = "<group>";
		};
		D0E2AF27282EE03B006B067C /* Preview Content */ = {
			isa = PBXGroup;
			children = (
				D0E2AF28282EE03B006B067C /* Preview Assets.xcassets */,
			);
			path = "Preview Content";
			sourceTree = "<group>";
		};
		D0E2AF31282EE03B006B067C /* Pro13_CourseScheduleTests */ = {
			isa = PBXGroup;
			children = (
				D0E2AF32282EE03B006B067C /* Pro13_CourseScheduleTests.swift */,
				D0E2AF4B282EE07B006B067C /* Course.swift */,
			);
			path = Pro13_CourseScheduleTests;
			sourceTree = "<group>";
		};
/* End PBXGroup section */

/* Begin PBXNativeTarget section */
		D0E2AF1D282EE03B006B067C /* Pro13_CourseSchedule */ = {
			isa = PBXNativeTarget;
			buildConfigurationList = D0E2AF42282EE03B006B067C /* Build configuration list for PBXNativeTarget "Pro13_CourseSchedule" */;
			buildPhases = (
				D0E2AF1A282EE03B006B067C /* Sources */,
				D0E2AF1B282EE03B006B067C /* Frameworks */,
				D0E2AF1C282EE03B006B067C /* Resources */,
			);
			buildRules = (
			);
			dependencies = (
			);
			name = Pro13_CourseSchedule;
			productName = Pro13_CourseSchedule;
			productReference = D0E2AF1E282EE03B006B067C /* Pro13_CourseSchedule.app */;
			productType = "com.apple.product-type.application";
		};
		D0E2AF2D282EE03B006B067C /* Pro13_CourseScheduleTests */ = {
			isa = PBXNativeTarget;
			buildConfigurationList = D0E2AF45282EE03B006B067C /* Build configuration list for PBXNativeTarget "Pro13_CourseScheduleTests" */;
			buildPhases = (
				D0E2AF2A282EE03B006B067C /* Sources */,
				D0E2AF2B282EE03B006B067C /* Frameworks */,
				D0E2AF2C282EE03B006B067C /* Resources */,
			);
			buildRules = (
			);
			dependencies = (
				D0E2AF30282EE03B006B067C /* PBXTargetDependency */,
			);
			name = Pro13_CourseScheduleTests;
			productName = Pro13_CourseScheduleTests;
			productReference = D0E2AF2E282EE03B006B067C /* Pro13_CourseScheduleTests.xctest */;
			productType = "com.apple.product-type.bundle.unit-test";
		};
/* End PBXNativeTarget section */

/* Begin PBXProject section */
		D0E2AF16282EE03B006B067C /* Project object */ = {
			isa = PBXProject;
			attributes = {
				BuildIndependentTargetsInParallel = 1;
				LastSwiftUpdateCheck = 1320;
				LastUpgradeCheck = 1320;
				TargetAttributes = {
					D0E2AF1D282EE03B006B067C = {
						CreatedOnToolsVersion = 13.2.1;
					};
					D0E2AF2D282EE03B006B067C = {
						CreatedOnToolsVersion = 13.2.1;
						TestTargetID = D0E2AF1D282EE03B006B067C;
					};
				};
			};
			buildConfigurationList = D0E2AF19282EE03B006B067C /* Build configuration list for PBXProject "Pro13_CourseSchedule" */;
			compatibilityVersion = "Xcode 13.0";
			developmentRegion = en;
			hasScannedForEncodings = 0;
			knownRegions = (
				en,
				Base,
			);
			mainGroup = D0E2AF15282EE03B006B067C;
			productRefGroup = D0E2AF1F282EE03B006B067C /* Products */;
			projectDirPath = "";
			projectRoot = "";
			targets = (
				D0E2AF1D282EE03B006B067C /* Pro13_CourseSchedule */,
				D0E2AF2D282EE03B006B067C /* Pro13_CourseScheduleTests */,
			);
		};
/* End PBXProject section */

/* Begin PBXResourcesBuildPhase section */
		D0E2AF1C282EE03B006B067C /* Resources */ = {
			isa = PBXResourcesBuildPhase;
			buildActionMask = 2147483647;
			files = (
				D0E2AF29282EE03B006B067C /* Preview Assets.xcassets in Resources */,
				D0E2AF26282EE03B006B067C /* Assets.xcassets in Resources */,
			);
			runOnlyForDeploymentPostprocessing = 0;
		};
		D0E2AF2C282EE03B006B067C /* Resources */ = {
			isa = PBXResourcesBuildPhase;
			buildActionMask = 2147483647;
			files = (
			);
			runOnlyForDeploymentPostprocessing = 0;
		};
/* End PBXResourcesBuildPhase section */

/* Begin PBXSourcesBuildPhase section */
		D0E2AF1A282EE03B006B067C /* Sources */ = {
			isa = PBXSourcesBuildPhase;
			buildActionMask = 2147483647;
			files = (
				D0E2AF24282EE03B006B067C /* ContentView.swift in Sources */,
				D0E2AF22282EE03B006B067C /* Pro13_CourseScheduleApp.swift in Sources */,
			);
			runOnlyForDeploymentPostprocessing = 0;
		};
		D0E2AF2A282EE03B006B067C /* Sources */ = {
			isa = PBXSourcesBuildPhase;
			buildActionMask = 2147483647;
			files = (
				D0E2AF4C282EE07B006B067C /* Course.swift in Sources */,
				D0E2AF33282EE03B006B067C /* Pro13_CourseScheduleTests.swift in Sources */,
			);
			runOnlyForDeploymentPostprocessing = 0;
		};
/* End PBXSourcesBuildPhase section */

/* Begin PBXTargetDependency section */
		D0E2AF30282EE03B006B067C /* PBXTargetDependency */ = {
			isa = PBXTargetDependency;
			target = D0E2AF1D282EE03B006B067C /* Pro13_CourseSchedule */;
			targetProxy = D0E2AF2F282EE03B006B067C /* PBXContainerItemProxy */;
		};
/* End PBXTargetDependency section */

/* Begin XCBuildConfiguration section */
		D0E2AF40282EE03B006B067C /* Debug */ = {
			isa = XCBuildConfiguration;
			buildSettings = {
				ALWAYS_SEARCH_USER_PATHS = NO;
				CLANG_ANALYZER_NONNULL = YES;
				CLANG_ANALYZER_NUMBER_OBJECT_CONVERSION = YES_AGGRESSIVE;
				CLANG_CXX_LANGUAGE_STANDARD = "gnu++17";
				CLANG_CXX_LIBRARY = "libc++";
				CLANG_ENABLE_MODULES = YES;
				CLANG_ENABLE_OBJC_ARC = YES;
				CLANG_ENABLE_OBJC_WEAK = YES;
				CLANG_WARN_BLOCK_CAPTURE_AUTORELEASING = YES;
				CLANG_WARN_BOOL_CONVERSION = YES;
				CLANG_WARN_COMMA = YES;
				CLANG_WARN_CONSTANT_CONVERSION = YES;
				CLANG_WARN_DEPRECATED_OBJC_IMPLEMENTATIONS = YES;
				CLANG_WARN_DIRECT_OBJC_ISA_USAGE = YES_ERROR;
				CLANG_WARN_DOCUMENTATION_COMMENTS = YES;
				CLANG_WARN_EMPTY_BODY = YES;
				CLANG_WARN_ENUM_CONVERSION = YES;
				CLANG_WARN_INFINITE_RECURSION = YES;
				CLANG_WARN_INT_CONVERSION = YES;
				CLANG_WARN_NON_LITERAL_NULL_CONVERSION = YES;
				CLANG_WARN_OBJC_IMPLICIT_RETAIN_SELF = YES;
				CLANG_WARN_OBJC_LITERAL_CONVERSION = YES;
				CLANG_WARN_OBJC_ROOT_CLASS = YES_ERROR;
				CLANG_WARN_QUOTED_INCLUDE_IN_FRAMEWORK_HEADER = YES;
				CLANG_WARN_RANGE_LOOP_ANALYSIS = YES;
				CLANG_WARN_STRICT_PROTOTYPES = YES;
				CLANG_WARN_SUSPICIOUS_MOVE = YES;
				CLANG_WARN_UNGUARDED_AVAILABILITY = YES_AGGRESSIVE;
				CLANG_WARN_UNREACHABLE_CODE = YES;
				CLANG_WARN__DUPLICATE_METHOD_MATCH = YES;
				COPY_PHASE_STRIP = NO;
				DEBUG_INFORMATION_FORMAT = dwarf;
				ENABLE_STRICT_OBJC_MSGSEND = YES;
				ENABLE_TESTABILITY = YES;
				GCC_C_LANGUAGE_STANDARD = gnu11;
				GCC_DYNAMIC_NO_PIC = NO;
				GCC_NO_COMMON_BLOCKS = YES;
				GCC_OPTIMIZATION_LEVEL = 0;
				GCC_PREPROCESSOR_DEFINITIONS = (
					"DEBUG=1",
					"$(inherited)",
				);
				GCC_WARN_64_TO_32_BIT_CONVERSION = YES;
				GCC_WARN_ABOUT_RETURN_TYPE = YES_ERROR;
				GCC_WARN_UNDECLARED_SELECTOR = YES;
				GCC_WARN_UNINITIALIZED_AUTOS = YES_AGGRESSIVE;
				GCC_WARN_UNUSED_FUNCTION = YES;
				GCC_WARN_UNUSED_VARIABLE = YES;
				IPHONEOS_DEPLOYMENT_TARGET = 15.2;
				MTL_ENABLE_DEBUG_INFO = INCLUDE_SOURCE;
				MTL_FAST_MATH = YES;
				ONLY_ACTIVE_ARCH = YES;
				SDKROOT = iphoneos;
				SWIFT_ACTIVE_COMPILATION_CONDITIONS = DEBUG;
				SWIFT_OPTIMIZATION_LEVEL = "-Onone";
			};
			name = Debug;
		};
		D0E2AF41282EE03B006B067C /* Release */ = {
			isa = XCBuildConfiguration;
			buildSettings = {
				ALWAYS_SEARCH_USER_PATHS = NO;
				CLANG_ANALYZER_NONNULL = YES;
				CLANG_ANALYZER_NUMBER_OBJECT_CONVERSION = YES_AGGRESSIVE;
				CLANG_CXX_LANGUAGE_STANDARD = "gnu++17";
				CLANG_CXX_LIBRARY = "libc++";
				CLANG_ENABLE_MODULES = YES;
				CLANG_ENABLE_OBJC_ARC = YES;
				CLANG_ENABLE_OBJC_WEAK = YES;
				CLANG_WARN_BLOCK_CAPTURE_AUTORELEASING = YES;
				CLANG_WARN_BOOL_CONVERSION = YES;
				CLANG_WARN_COMMA = YES;
				CLANG_WARN_CONSTANT_CONVERSION = YES;
				CLANG_WARN_DEPRECATED_OBJC_IMPLEMENTATIONS = YES;
				CLANG_WARN_DIRECT_OBJC_ISA_USAGE = YES_ERROR;
				CLANG_WARN_DOCUMENTATION_COMMENTS = YES;
				CLANG_WARN_EMPTY_BODY = YES;
				CLANG_WARN_ENUM_CONVERSION = YES;
				CLANG_WARN_INFINITE_RECURSION = YES;
				CLANG_WARN_INT_CONVERSION = YES;
				CLANG_WARN_NON_LITERAL_NULL_CONVERSION = YES;
				CLANG_WARN_OBJC_IMPLICIT_RETAIN_SELF = YES;
				CLANG_WARN_OBJC_LITERAL_CONVERSION = YES;
				CLANG_WARN_OBJC_ROOT_CLASS = YES_ERROR;
				CLANG_WARN_QUOTED_INCLUDE_IN_FRAMEWORK_HEADER = YES;
				CLANG_WARN_RANGE_LOOP_ANALYSIS = YES;
				CLANG_WARN_STRICT_PROTOTYPES = YES;
				CLANG_WARN_SUSPICIOUS_MOVE = YES;
				CLANG_WARN_UNGUARDED_AVAILABILITY = YES_AGGRESSIVE;
				CLANG_WARN_UNREACHABLE_CODE = YES;
				CLANG_WARN__DUPLICATE_METHOD_MATCH = YES;
				COPY_PHASE_STRIP = NO;
				DEBUG_INFORMATION_FORMAT = "dwarf-with-dsym";
				ENABLE_NS_ASSERTIONS = NO;
				ENABLE_STRICT_OBJC_MSGSEND = YES;
				GCC_C_LANGUAGE_STANDARD = gnu11;
				GCC_NO_COMMON_BLOCKS = YES;
				GCC_WARN_64_TO_32_BIT_CONVERSION = YES;
				GCC_WARN_ABOUT_RETURN_TYPE = YES_ERROR;
				GCC_WARN_UNDECLARED_SELECTOR = YES;
				GCC_WARN_UNINITIALIZED_AUTOS = YES_AGGRESSIVE;
				GCC_WARN_UNUSED_FUNCTION = YES;
				GCC_WARN_UNUSED_VARIABLE = YES;
				IPHONEOS_DEPLOYMENT_TARGET = 15.2;
				MTL_ENABLE_DEBUG_INFO = NO;
				MTL_FAST_MATH = YES;
				SDKROOT = iphoneos;
				SWIFT_COMPILATION_MODE = wholemodule;
				SWIFT_OPTIMIZATION_LEVEL = "-O";
				VALIDATE_PRODUCT = YES;
			};
			name = Release;
		};
		D0E2AF43282EE03B006B067C /* Debug */ = {
			isa = XCBuildConfiguration;
			buildSettings = {
				ASSETCATALOG_COMPILER_APPICON_NAME = AppIcon;
				ASSETCATALOG_COMPILER_GLOBAL_ACCENT_COLOR_NAME = AccentColor;
				CODE_SIGN_STYLE = Automatic;
				CURRENT_PROJECT_VERSION = 1;
				DEVELOPMENT_ASSET_PATHS = "\"Pro13_CourseSchedule/Preview Content\"";
				ENABLE_PREVIEWS = YES;
				GENERATE_INFOPLIST_FILE = YES;
				INFOPLIST_KEY_UIApplicationSceneManifest_Generation = YES;
				INFOPLIST_KEY_UIApplicationSupportsIndirectInputEvents = YES;
				INFOPLIST_KEY_UILaunchScreen_Generation = YES;
				INFOPLIST_KEY_UISupportedInterfaceOrientations_iPad = "UIInterfaceOrientationPortrait UIInterfaceOrientationPortraitUpsideDown UIInterfaceOrientationLandscapeLeft UIInterfaceOrientationLandscapeRight";
				INFOPLIST_KEY_UISupportedInterfaceOrientations_iPhone = "UIInterfaceOrientationPortrait UIInterfaceOrientationLandscapeLeft UIInterfaceOrientationLandscapeRight";
				LD_RUNPATH_SEARCH_PATHS = (
					"$(inherited)",
					"@executable_path/Frameworks",
				);
				MARKETING_VERSION = 1.0;
				PRODUCT_BUNDLE_IDENTIFIER = "com.revature.Pro13-CourseSchedule";
				PRODUCT_NAME = "$(TARGET_NAME)";
				SWIFT_EMIT_LOC_STRINGS = YES;
				SWIFT_VERSION = 5.0;
				TARGETED_DEVICE_FAMILY = "1,2";
			};
			name = Debug;
		};
		D0E2AF44282EE03B006B067C /* Release */ = {
			isa = XCBuildConfiguration;
			buildSettings = {
				ASSETCATALOG_COMPILER_APPICON_NAME = AppIcon;
				ASSETCATALOG_COMPILER_GLOBAL_ACCENT_COLOR_NAME = AccentColor;
				CODE_SIGN_STYLE = Automatic;
				CURRENT_PROJECT_VERSION = 1;
				DEVELOPMENT_ASSET_PATHS = "\"Pro13_CourseSchedule/Preview Content\"";
				ENABLE_PREVIEWS = YES;
				GENERATE_INFOPLIST_FILE = YES;
				INFOPLIST_KEY_UIApplicationSceneManifest_Generation = YES;
				INFOPLIST_KEY_UIApplicationSupportsIndirectInputEvents = YES;
				INFOPLIST_KEY_UILaunchScreen_Generation = YES;
				INFOPLIST_KEY_UISupportedInterfaceOrientations_iPad = "UIInterfaceOrientationPortrait UIInterfaceOrientationPortraitUpsideDown UIInterfaceOrientationLandscapeLeft UIInterfaceOrientationLandscapeRight";
				INFOPLIST_KEY_UISupportedInterfaceOrientations_iPhone = "UIInterfaceOrientationPortrait UIInterfaceOrientationLandscapeLeft UIInterfaceOrientationLandscapeRight";
				LD_RUNPATH_SEARCH_PATHS = (
					"$(inherited)",
					"@executable_path/Frameworks",
				);
				MARKETING_VERSION = 1.0;
				PRODUCT_BUNDLE_IDENTIFIER = "com.revature.Pro13-CourseSchedule";
				PRODUCT_NAME = "$(TARGET_NAME)";
				SWIFT_EMIT_LOC_STRINGS = YES;
				SWIFT_VERSION = 5.0;
				TARGETED_DEVICE_FAMILY = "1,2";
			};
			name = Release;
		};
		D0E2AF46282EE03B006B067C /* Debug */ = {
			isa = XCBuildConfiguration;
			buildSettings = {
				ALWAYS_EMBED_SWIFT_STANDARD_LIBRARIES = YES;
				BUNDLE_LOADER = "$(TEST_HOST)";
				CODE_SIGN_STYLE = Automatic;
				CURRENT_PROJECT_VERSION = 1;
				GENERATE_INFOPLIST_FILE = YES;
				IPHONEOS_DEPLOYMENT_TARGET = 15.2;
				MARKETING_VERSION = 1.0;
				PRODUCT_BUNDLE_IDENTIFIER = "com.revature.Pro13-CourseScheduleTests";
				PRODUCT_NAME = "$(TARGET_NAME)";
				SWIFT_EMIT_LOC_STRINGS = NO;
				SWIFT_VERSION = 5.0;
				TARGETED_DEVICE_FAMILY = "1,2";
				TEST_HOST = "$(BUILT_PRODUCTS_DIR)/Pro13_CourseSchedule.app/Pro13_CourseSchedule";
			};
			name = Debug;
		};
		D0E2AF47282EE03B006B067C /* Release */ = {
			isa = XCBuildConfiguration;
			buildSettings = {
				ALWAYS_EMBED_SWIFT_STANDARD_LIBRARIES = YES;
				BUNDLE_LOADER = "$(TEST_HOST)";
				CODE_SIGN_STYLE = Automatic;
				CURRENT_PROJECT_VERSION = 1;
				GENERATE_INFOPLIST_FILE = YES;
				IPHONEOS_DEPLOYMENT_TARGET = 15.2;
				MARKETING_VERSION = 1.0;
				PRODUCT_BUNDLE_IDENTIFIER = "com.revature.Pro13-CourseScheduleTests";
				PRODUCT_NAME = "$(TARGET_NAME)";
				SWIFT_EMIT_LOC_STRINGS = NO;
				SWIFT_VERSION = 5.0;
				TARGETED_DEVICE_FAMILY = "1,2";
				TEST_HOST = "$(BUILT_PRODUCTS_DIR)/Pro13_CourseSchedule.app/Pro13_CourseSchedule";
			};
			name = Release;
		};
/* End XCBuildConfiguration section */

/* Begin XCConfigurationList section */
		D0E2AF19282EE03B006B067C /* Build configuration list for PBXProject "Pro13_CourseSchedule" */ = {
			isa = XCConfigurationList;
			buildConfigurations = (
				D0E2AF40282EE03B006B067C /* Debug */,
				D0E2AF41282EE03B006B067C /* Release */,
			);
			defaultConfigurationIsVisible = 0;
			defaultConfigurationName = Release;
		};
		D0E2AF42282EE03B006B067C /* Build configuration list for PBXNativeTarget "Pro13_CourseSchedule" */ = {
			isa = XCConfigurationList;
			buildConfigurations = (
				D0E2AF43282EE03B006B067C /* Debug */,
				D0E2AF44282EE03B006B067C /* Release */,
			);
			defaultConfigurationIsVisible = 0;
			defaultConfigurationName = Release;
		};
		D0E2AF45282EE03B006B067C /* Build configuration list for PBXNativeTarget "Pro13_CourseScheduleTests" */ = {
			isa = XCConfigurationList;
			buildConfigurations = (
				D0E2AF46282EE03B006B067C /* Debug */,
				D0E2AF47282EE03B006B067C /* Release */,
			);
			defaultConfigurationIsVisible = 0;
			defaultConfigurationName = Release;
		};
/* End XCConfigurationList section */
	};
	rootObject = D0E2AF16282EE03B006B067C /* Project object */;
}
